// !$*UTF8*$!
{
	archiveVersion = 1;
	classes = {
	};
	objectVersion = 48;
	objects = {

/* Begin PBXBuildFile section */
		53ADD1F2A311B0FC989B9ACF /* Pods_Fit_Tracker.framework in Frameworks */ = {isa = PBXBuildFile; fileRef = DD8CB329BFC37FDA63EBC38C /* Pods_Fit_Tracker.framework */; };
		C902CEAD2042B3AA005A14E3 /* FTArrayExtension.swift in Sources */ = {isa = PBXBuildFile; fileRef = C902CEAC2042B3AA005A14E3 /* FTArrayExtension.swift */; };
		C928F90E204911CA001BA6CE /* FTExerciseTemplate+CoreDataProperties.swift in Sources */ = {isa = PBXBuildFile; fileRef = C928F900204911C8001BA6CE /* FTExerciseTemplate+CoreDataProperties.swift */; };
		C928F90F204911CA001BA6CE /* FTWorkoutTemplate+CoreDataClass.swift in Sources */ = {isa = PBXBuildFile; fileRef = C928F901204911C8001BA6CE /* FTWorkoutTemplate+CoreDataClass.swift */; };
		C928F910204911CA001BA6CE /* FTExerciseLog+CoreDataClass.swift in Sources */ = {isa = PBXBuildFile; fileRef = C928F902204911C8001BA6CE /* FTExerciseLog+CoreDataClass.swift */; };
		C928F911204911CA001BA6CE /* FTSetLog+CoreDataClass.swift in Sources */ = {isa = PBXBuildFile; fileRef = C928F903204911C9001BA6CE /* FTSetLog+CoreDataClass.swift */; };
		C928F912204911CA001BA6CE /* FTExerciseLog+CoreDataProperties.swift in Sources */ = {isa = PBXBuildFile; fileRef = C928F904204911C9001BA6CE /* FTExerciseLog+CoreDataProperties.swift */; };
		C928F913204911CA001BA6CE /* FTWorkoutLog+CoreDataClass.swift in Sources */ = {isa = PBXBuildFile; fileRef = C928F905204911C9001BA6CE /* FTWorkoutLog+CoreDataClass.swift */; };
		C928F914204911CA001BA6CE /* FTWorkoutLog+CoreDataProperties.swift in Sources */ = {isa = PBXBuildFile; fileRef = C928F906204911C9001BA6CE /* FTWorkoutLog+CoreDataProperties.swift */; };
		C928F915204911CA001BA6CE /* FTExercise+CoreDataClass.swift in Sources */ = {isa = PBXBuildFile; fileRef = C928F907204911C9001BA6CE /* FTExercise+CoreDataClass.swift */; };
		C928F916204911CA001BA6CE /* FTSetTemplate+CoreDataProperties.swift in Sources */ = {isa = PBXBuildFile; fileRef = C928F908204911C9001BA6CE /* FTSetTemplate+CoreDataProperties.swift */; };
		C928F917204911CA001BA6CE /* FTExercise+CoreDataProperties.swift in Sources */ = {isa = PBXBuildFile; fileRef = C928F909204911C9001BA6CE /* FTExercise+CoreDataProperties.swift */; };
		C928F918204911CA001BA6CE /* FTExerciseTemplate+CoreDataClass.swift in Sources */ = {isa = PBXBuildFile; fileRef = C928F90A204911C9001BA6CE /* FTExerciseTemplate+CoreDataClass.swift */; };
		C928F919204911CA001BA6CE /* FTSetLog+CoreDataProperties.swift in Sources */ = {isa = PBXBuildFile; fileRef = C928F90B204911C9001BA6CE /* FTSetLog+CoreDataProperties.swift */; };
		C928F91A204911CA001BA6CE /* FTSetTemplate+CoreDataClass.swift in Sources */ = {isa = PBXBuildFile; fileRef = C928F90C204911C9001BA6CE /* FTSetTemplate+CoreDataClass.swift */; };
		C928F91B204911CA001BA6CE /* FTWorkoutTemplate+CoreDataProperties.swift in Sources */ = {isa = PBXBuildFile; fileRef = C928F90D204911CA001BA6CE /* FTWorkoutTemplate+CoreDataProperties.swift */; };
		C928F922204A46F5001BA6CE /* FTNavigationManager.swift in Sources */ = {isa = PBXBuildFile; fileRef = C928F921204A46F5001BA6CE /* FTNavigationManager.swift */; };
		C928F928204A5637001BA6CE /* FTNavigationReceiverDelegate.swift in Sources */ = {isa = PBXBuildFile; fileRef = C928F927204A5637001BA6CE /* FTNavigationReceiverDelegate.swift */; };
		C928F92A204B1D0B001BA6CE /* FTTimerPickerController.swift in Sources */ = {isa = PBXBuildFile; fileRef = C928F929204B1D0B001BA6CE /* FTTimerPickerController.swift */; };
		C9775CFB2020441C00C2E9B3 /* AppDelegate.swift in Sources */ = {isa = PBXBuildFile; fileRef = C9775CFA2020441C00C2E9B3 /* AppDelegate.swift */; };
		C9775CFD2020441C00C2E9B3 /* FTMainViewController.swift in Sources */ = {isa = PBXBuildFile; fileRef = C9775CFC2020441C00C2E9B3 /* FTMainViewController.swift */; };
		C9775D002020441C00C2E9B3 /* Main.storyboard in Resources */ = {isa = PBXBuildFile; fileRef = C9775CFE2020441C00C2E9B3 /* Main.storyboard */; };
		C9775D022020441C00C2E9B3 /* Assets.xcassets in Resources */ = {isa = PBXBuildFile; fileRef = C9775D012020441C00C2E9B3 /* Assets.xcassets */; };
		C9775D052020441C00C2E9B3 /* LaunchScreen.storyboard in Resources */ = {isa = PBXBuildFile; fileRef = C9775D032020441C00C2E9B3 /* LaunchScreen.storyboard */; };
		C97A234A204B30FD001997E8 /* FTTimerPickerCell.swift in Sources */ = {isa = PBXBuildFile; fileRef = C97A2349204B30FD001997E8 /* FTTimerPickerCell.swift */; };
		C97A234D204B6695001997E8 /* FTTimerPickerCell.xib in Resources */ = {isa = PBXBuildFile; fileRef = C97A234C204B6695001997E8 /* FTTimerPickerCell.xib */; };
		C97A234F204B6735001997E8 /* FTExerciseSelectionCell.xib in Resources */ = {isa = PBXBuildFile; fileRef = C97A234E204B6735001997E8 /* FTExerciseSelectionCell.xib */; };
		C97B24B8204BD714008B59F8 /* FTExerciseGroupTemplate+CoreDataClass.swift in Sources */ = {isa = PBXBuildFile; fileRef = C97B24B6204BD714008B59F8 /* FTExerciseGroupTemplate+CoreDataClass.swift */; };
		C97B24B9204BD714008B59F8 /* FTExerciseGroupTemplate+CoreDataProperties.swift in Sources */ = {isa = PBXBuildFile; fileRef = C97B24B7204BD714008B59F8 /* FTExerciseGroupTemplate+CoreDataProperties.swift */; };
		C97B24BC204BDB57008B59F8 /* FTExerciseGroupLog+CoreDataClass.swift in Sources */ = {isa = PBXBuildFile; fileRef = C97B24BA204BDB57008B59F8 /* FTExerciseGroupLog+CoreDataClass.swift */; };
		C97B24BD204BDB57008B59F8 /* FTExerciseGroupLog+CoreDataProperties.swift in Sources */ = {isa = PBXBuildFile; fileRef = C97B24BB204BDB57008B59F8 /* FTExerciseGroupLog+CoreDataProperties.swift */; };
		C9A65FCA202D78EB00C3AC72 /* FTLayout.swift in Sources */ = {isa = PBXBuildFile; fileRef = C9A65FC9202D78EB00C3AC72 /* FTLayout.swift */; };
		C9A65FCE202D79A500C3AC72 /* FTColours.swift in Sources */ = {isa = PBXBuildFile; fileRef = C9A65FCD202D79A500C3AC72 /* FTColours.swift */; };
		C9A65FD0202D7ADB00C3AC72 /* FTSettingsManager.swift in Sources */ = {isa = PBXBuildFile; fileRef = C9A65FCF202D7ADB00C3AC72 /* FTSettingsManager.swift */; };
		C9A65FD5202D821B00C3AC72 /* Localizable.strings in Resources */ = {isa = PBXBuildFile; fileRef = C9A65FD3202D821B00C3AC72 /* Localizable.strings */; };
		C9B355152047CE6100B48D04 /* Model.xcdatamodeld in Sources */ = {isa = PBXBuildFile; fileRef = C9B355132047CE6100B48D04 /* Model.xcdatamodeld */; };
		C9B355262047CF2100B48D04 /* FTDataController.swift in Sources */ = {isa = PBXBuildFile; fileRef = C9B355252047CF2100B48D04 /* FTDataController.swift */; };
		C9D2DA0B202F695F00A1FB1C /* FTHomeViewController.swift in Sources */ = {isa = PBXBuildFile; fileRef = C9D2DA0A202F695F00A1FB1C /* FTHomeViewController.swift */; };
		C9D2DA0D2032A9DE00A1FB1C /* FTHomeDataView.swift in Sources */ = {isa = PBXBuildFile; fileRef = C9D2DA0C2032A9DE00A1FB1C /* FTHomeDataView.swift */; };
		C9D2DA102032AA4000A1FB1C /* FTTitleLabel.swift in Sources */ = {isa = PBXBuildFile; fileRef = C9D2DA0F2032AA4000A1FB1C /* FTTitleLabel.swift */; };
		C9D2DA142032ABC700A1FB1C /* FTBodyLabel.swift in Sources */ = {isa = PBXBuildFile; fileRef = C9D2DA132032ABC700A1FB1C /* FTBodyLabel.swift */; };
		C9D2DA182032B3E500A1FB1C /* FTFonts.swift in Sources */ = {isa = PBXBuildFile; fileRef = C9D2DA172032B3E500A1FB1C /* FTFonts.swift */; };
		C9EC4E3A20340BFB00CF538F /* FTMainWorkoutViewController.swift in Sources */ = {isa = PBXBuildFile; fileRef = C9EC4E3920340BFB00CF538F /* FTMainWorkoutViewController.swift */; };
		C9EC4E3C20340C5400CF538F /* FTButtonFactory.swift in Sources */ = {isa = PBXBuildFile; fileRef = C9EC4E3B20340C5400CF538F /* FTButtonFactory.swift */; };
		C9EC4E402035513500CF538F /* FTMainWorkoutTableViewCell.swift in Sources */ = {isa = PBXBuildFile; fileRef = C9EC4E3F2035513500CF538F /* FTMainWorkoutTableViewCell.swift */; };
		C9EC4E44203553FD00CF538F /* FTSizedLabel.swift in Sources */ = {isa = PBXBuildFile; fileRef = C9EC4E43203553FD00CF538F /* FTSizedLabel.swift */; };
		C9EC4E462035559E00CF538F /* FTDescriptionLabel.swift in Sources */ = {isa = PBXBuildFile; fileRef = C9EC4E452035559E00CF538F /* FTDescriptionLabel.swift */; };
		C9EC4E4D20355C8A00CF538F /* FTStringExtension.swift in Sources */ = {isa = PBXBuildFile; fileRef = C9EC4E4C20355C8A00CF538F /* FTStringExtension.swift */; };
		C9EC4E512037D34900CF538F /* FTNewExerciseViewController.swift in Sources */ = {isa = PBXBuildFile; fileRef = C9EC4E502037D34900CF538F /* FTNewExerciseViewController.swift */; };
		C9EC4E552037DA9D00CF538F /* FTTextFieldTableViewCell.swift in Sources */ = {isa = PBXBuildFile; fileRef = C9EC4E542037DA9D00CF538F /* FTTextFieldTableViewCell.swift */; };
		C9EC4E592037DB0400CF538F /* FTDefaultTextField.swift in Sources */ = {isa = PBXBuildFile; fileRef = C9EC4E582037DB0400CF538F /* FTDefaultTextField.swift */; };
		C9EC4E5B2037E44C00CF538F /* FTGlobals.swift in Sources */ = {isa = PBXBuildFile; fileRef = C9EC4E5A2037E44C00CF538F /* FTGlobals.swift */; };
		C9EC4E5D2037E6F200CF538F /* FTStringFormatter.swift in Sources */ = {isa = PBXBuildFile; fileRef = C9EC4E5C2037E6F200CF538F /* FTStringFormatter.swift */; };
		C9EC4E5F2037EF4100CF538F /* FTExerciseSelectionCell.swift in Sources */ = {isa = PBXBuildFile; fileRef = C9EC4E5E2037EF4100CF538F /* FTExerciseSelectionCell.swift */; };
		C9EC4E612037F4CE00CF538F /* FTSimpleFontSizeProtocol.swift in Sources */ = {isa = PBXBuildFile; fileRef = C9EC4E602037F4CE00CF538F /* FTSimpleFontSizeProtocol.swift */; };
		C9EC4E632037F88500CF538F /* FTNewExerciseDetailViewController.swift in Sources */ = {isa = PBXBuildFile; fileRef = C9EC4E622037F88500CF538F /* FTNewExerciseDetailViewController.swift */; };
		C9EC4E6520389FD900CF538F /* FTEditWorkoutViewController.swift in Sources */ = {isa = PBXBuildFile; fileRef = C9EC4E6420389FD900CF538F /* FTEditWorkoutViewController.swift */; };
		C9EC4E782039EC8300CF538F /* FTButtonTableViewCell.swift in Sources */ = {isa = PBXBuildFile; fileRef = C9EC4E772039EC8300CF538F /* FTButtonTableViewCell.swift */; };
		C9EC4E7A2039F02A00CF538F /* FTEditWorkoutSetTableViewCell.swift in Sources */ = {isa = PBXBuildFile; fileRef = C9EC4E792039F02A00CF538F /* FTEditWorkoutSetTableViewCell.swift */; };
		C9EC4E7E203BFADD00CF538F /* FTDoubleExtension.swift in Sources */ = {isa = PBXBuildFile; fileRef = C9EC4E7D203BFADD00CF538F /* FTDoubleExtension.swift */; };
		C9EC4E80203E8BF300CF538F /* FTAddExerciseViewController.swift in Sources */ = {isa = PBXBuildFile; fileRef = C9EC4E7F203E8BF300CF538F /* FTAddExerciseViewController.swift */; };
/* End PBXBuildFile section */

/* Begin PBXFileReference section */
		950B968F1984DBBF7771FA02 /* Pods-Fit Tracker.debug.xcconfig */ = {isa = PBXFileReference; includeInIndex = 1; lastKnownFileType = text.xcconfig; name = "Pods-Fit Tracker.debug.xcconfig"; path = "Pods/Target Support Files/Pods-Fit Tracker/Pods-Fit Tracker.debug.xcconfig"; sourceTree = "<group>"; };
		C902CEAC2042B3AA005A14E3 /* FTArrayExtension.swift */ = {isa = PBXFileReference; lastKnownFileType = sourcecode.swift; path = FTArrayExtension.swift; sourceTree = "<group>"; };
		C928F900204911C8001BA6CE /* FTExerciseTemplate+CoreDataProperties.swift */ = {isa = PBXFileReference; lastKnownFileType = sourcecode.swift; name = "FTExerciseTemplate+CoreDataProperties.swift"; path = "/Users/casey/Documents/coding.nosync/Fit Tracker/Fit Tracker/Core Data/Template/FTExerciseTemplate+CoreDataProperties.swift"; sourceTree = "<absolute>"; };
		C928F901204911C8001BA6CE /* FTWorkoutTemplate+CoreDataClass.swift */ = {isa = PBXFileReference; lastKnownFileType = sourcecode.swift; name = "FTWorkoutTemplate+CoreDataClass.swift"; path = "/Users/casey/Documents/coding.nosync/Fit Tracker/Fit Tracker/Core Data/Template/FTWorkoutTemplate+CoreDataClass.swift"; sourceTree = "<absolute>"; };
		C928F902204911C8001BA6CE /* FTExerciseLog+CoreDataClass.swift */ = {isa = PBXFileReference; lastKnownFileType = sourcecode.swift; name = "FTExerciseLog+CoreDataClass.swift"; path = "/Users/casey/Documents/coding.nosync/Fit Tracker/Fit Tracker/Core Data/Log/FTExerciseLog+CoreDataClass.swift"; sourceTree = "<absolute>"; };
		C928F903204911C9001BA6CE /* FTSetLog+CoreDataClass.swift */ = {isa = PBXFileReference; lastKnownFileType = sourcecode.swift; name = "FTSetLog+CoreDataClass.swift"; path = "/Users/casey/Documents/coding.nosync/Fit Tracker/Fit Tracker/Core Data/Log/FTSetLog+CoreDataClass.swift"; sourceTree = "<absolute>"; };
		C928F904204911C9001BA6CE /* FTExerciseLog+CoreDataProperties.swift */ = {isa = PBXFileReference; lastKnownFileType = sourcecode.swift; name = "FTExerciseLog+CoreDataProperties.swift"; path = "/Users/casey/Documents/coding.nosync/Fit Tracker/Fit Tracker/Core Data/Log/FTExerciseLog+CoreDataProperties.swift"; sourceTree = "<absolute>"; };
		C928F905204911C9001BA6CE /* FTWorkoutLog+CoreDataClass.swift */ = {isa = PBXFileReference; lastKnownFileType = sourcecode.swift; name = "FTWorkoutLog+CoreDataClass.swift"; path = "/Users/casey/Documents/coding.nosync/Fit Tracker/Fit Tracker/Core Data/Log/FTWorkoutLog+CoreDataClass.swift"; sourceTree = "<absolute>"; };
		C928F906204911C9001BA6CE /* FTWorkoutLog+CoreDataProperties.swift */ = {isa = PBXFileReference; lastKnownFileType = sourcecode.swift; name = "FTWorkoutLog+CoreDataProperties.swift"; path = "/Users/casey/Documents/coding.nosync/Fit Tracker/Fit Tracker/Core Data/Log/FTWorkoutLog+CoreDataProperties.swift"; sourceTree = "<absolute>"; };
		C928F907204911C9001BA6CE /* FTExercise+CoreDataClass.swift */ = {isa = PBXFileReference; lastKnownFileType = sourcecode.swift; name = "FTExercise+CoreDataClass.swift"; path = "/Users/casey/Documents/coding.nosync/Fit Tracker/Fit Tracker/Core Data/FTExercise+CoreDataClass.swift"; sourceTree = "<absolute>"; };
		C928F908204911C9001BA6CE /* FTSetTemplate+CoreDataProperties.swift */ = {isa = PBXFileReference; lastKnownFileType = sourcecode.swift; name = "FTSetTemplate+CoreDataProperties.swift"; path = "/Users/casey/Documents/coding.nosync/Fit Tracker/Fit Tracker/Core Data/Template/FTSetTemplate+CoreDataProperties.swift"; sourceTree = "<absolute>"; };
		C928F909204911C9001BA6CE /* FTExercise+CoreDataProperties.swift */ = {isa = PBXFileReference; lastKnownFileType = sourcecode.swift; name = "FTExercise+CoreDataProperties.swift"; path = "/Users/casey/Documents/coding.nosync/Fit Tracker/Fit Tracker/Core Data/FTExercise+CoreDataProperties.swift"; sourceTree = "<absolute>"; };
		C928F90A204911C9001BA6CE /* FTExerciseTemplate+CoreDataClass.swift */ = {isa = PBXFileReference; lastKnownFileType = sourcecode.swift; name = "FTExerciseTemplate+CoreDataClass.swift"; path = "/Users/casey/Documents/coding.nosync/Fit Tracker/Fit Tracker/Core Data/Template/FTExerciseTemplate+CoreDataClass.swift"; sourceTree = "<absolute>"; };
		C928F90B204911C9001BA6CE /* FTSetLog+CoreDataProperties.swift */ = {isa = PBXFileReference; lastKnownFileType = sourcecode.swift; name = "FTSetLog+CoreDataProperties.swift"; path = "/Users/casey/Documents/coding.nosync/Fit Tracker/Fit Tracker/Core Data/Log/FTSetLog+CoreDataProperties.swift"; sourceTree = "<absolute>"; };
		C928F90C204911C9001BA6CE /* FTSetTemplate+CoreDataClass.swift */ = {isa = PBXFileReference; lastKnownFileType = sourcecode.swift; name = "FTSetTemplate+CoreDataClass.swift"; path = "/Users/casey/Documents/coding.nosync/Fit Tracker/Fit Tracker/Core Data/Template/FTSetTemplate+CoreDataClass.swift"; sourceTree = "<absolute>"; };
		C928F90D204911CA001BA6CE /* FTWorkoutTemplate+CoreDataProperties.swift */ = {isa = PBXFileReference; lastKnownFileType = sourcecode.swift; name = "FTWorkoutTemplate+CoreDataProperties.swift"; path = "/Users/casey/Documents/coding.nosync/Fit Tracker/Fit Tracker/Core Data/Template/FTWorkoutTemplate+CoreDataProperties.swift"; sourceTree = "<absolute>"; };
		C928F921204A46F5001BA6CE /* FTNavigationManager.swift */ = {isa = PBXFileReference; lastKnownFileType = sourcecode.swift; path = FTNavigationManager.swift; sourceTree = "<group>"; };
		C928F927204A5637001BA6CE /* FTNavigationReceiverDelegate.swift */ = {isa = PBXFileReference; lastKnownFileType = sourcecode.swift; path = FTNavigationReceiverDelegate.swift; sourceTree = "<group>"; };
		C928F929204B1D0B001BA6CE /* FTTimerPickerController.swift */ = {isa = PBXFileReference; lastKnownFileType = sourcecode.swift; path = FTTimerPickerController.swift; sourceTree = "<group>"; };
		C9775CF72020441C00C2E9B3 /* Fit Tracker.app */ = {isa = PBXFileReference; explicitFileType = wrapper.application; includeInIndex = 0; path = "Fit Tracker.app"; sourceTree = BUILT_PRODUCTS_DIR; };
		C9775CFA2020441C00C2E9B3 /* AppDelegate.swift */ = {isa = PBXFileReference; lastKnownFileType = sourcecode.swift; path = AppDelegate.swift; sourceTree = "<group>"; };
		C9775CFC2020441C00C2E9B3 /* FTMainViewController.swift */ = {isa = PBXFileReference; lastKnownFileType = sourcecode.swift; path = FTMainViewController.swift; sourceTree = "<group>"; };
		C9775CFF2020441C00C2E9B3 /* Base */ = {isa = PBXFileReference; lastKnownFileType = file.storyboard; name = Base; path = Base.lproj/Main.storyboard; sourceTree = "<group>"; };
		C9775D012020441C00C2E9B3 /* Assets.xcassets */ = {isa = PBXFileReference; lastKnownFileType = folder.assetcatalog; path = Assets.xcassets; sourceTree = "<group>"; };
		C9775D042020441C00C2E9B3 /* Base */ = {isa = PBXFileReference; lastKnownFileType = file.storyboard; name = Base; path = Base.lproj/LaunchScreen.storyboard; sourceTree = "<group>"; };
		C9775D062020441C00C2E9B3 /* Info.plist */ = {isa = PBXFileReference; lastKnownFileType = text.plist.xml; path = Info.plist; sourceTree = "<group>"; };
		C97A2349204B30FD001997E8 /* FTTimerPickerCell.swift */ = {isa = PBXFileReference; lastKnownFileType = sourcecode.swift; path = FTTimerPickerCell.swift; sourceTree = "<group>"; };
		C97A234C204B6695001997E8 /* FTTimerPickerCell.xib */ = {isa = PBXFileReference; lastKnownFileType = file.xib; path = FTTimerPickerCell.xib; sourceTree = "<group>"; };
		C97A234E204B6735001997E8 /* FTExerciseSelectionCell.xib */ = {isa = PBXFileReference; lastKnownFileType = file.xib; path = FTExerciseSelectionCell.xib; sourceTree = "<group>"; };
		C97B24B6204BD714008B59F8 /* FTExerciseGroupTemplate+CoreDataClass.swift */ = {isa = PBXFileReference; lastKnownFileType = sourcecode.swift; name = "FTExerciseGroupTemplate+CoreDataClass.swift"; path = "/Users/casey/Documents/coding.nosync/Fit Tracker/Fit Tracker/Core Data/Template/FTExerciseGroupTemplate+CoreDataClass.swift"; sourceTree = "<absolute>"; };
		C97B24B7204BD714008B59F8 /* FTExerciseGroupTemplate+CoreDataProperties.swift */ = {isa = PBXFileReference; lastKnownFileType = sourcecode.swift; name = "FTExerciseGroupTemplate+CoreDataProperties.swift"; path = "/Users/casey/Documents/coding.nosync/Fit Tracker/Fit Tracker/Core Data/Template/FTExerciseGroupTemplate+CoreDataProperties.swift"; sourceTree = "<absolute>"; };
		C97B24BA204BDB57008B59F8 /* FTExerciseGroupLog+CoreDataClass.swift */ = {isa = PBXFileReference; lastKnownFileType = sourcecode.swift; name = "FTExerciseGroupLog+CoreDataClass.swift"; path = "/Users/casey/Documents/coding.nosync/Fit Tracker/Fit Tracker/Core Data/Log/FTExerciseGroupLog+CoreDataClass.swift"; sourceTree = "<absolute>"; };
		C97B24BB204BDB57008B59F8 /* FTExerciseGroupLog+CoreDataProperties.swift */ = {isa = PBXFileReference; lastKnownFileType = sourcecode.swift; name = "FTExerciseGroupLog+CoreDataProperties.swift"; path = "/Users/casey/Documents/coding.nosync/Fit Tracker/Fit Tracker/Core Data/Log/FTExerciseGroupLog+CoreDataProperties.swift"; sourceTree = "<absolute>"; };
		C9A65FC9202D78EB00C3AC72 /* FTLayout.swift */ = {isa = PBXFileReference; lastKnownFileType = sourcecode.swift; path = FTLayout.swift; sourceTree = "<group>"; };
		C9A65FCD202D79A500C3AC72 /* FTColours.swift */ = {isa = PBXFileReference; lastKnownFileType = sourcecode.swift; path = FTColours.swift; sourceTree = "<group>"; };
		C9A65FCF202D7ADB00C3AC72 /* FTSettingsManager.swift */ = {isa = PBXFileReference; lastKnownFileType = sourcecode.swift; path = FTSettingsManager.swift; sourceTree = "<group>"; };
		C9A65FD1202D81B300C3AC72 /* fr */ = {isa = PBXFileReference; lastKnownFileType = text.plist.strings; name = fr; path = fr.lproj/Main.strings; sourceTree = "<group>"; };
		C9A65FD2202D81B300C3AC72 /* fr */ = {isa = PBXFileReference; lastKnownFileType = text.plist.strings; name = fr; path = fr.lproj/LaunchScreen.strings; sourceTree = "<group>"; };
		C9A65FD4202D821B00C3AC72 /* Base */ = {isa = PBXFileReference; lastKnownFileType = text.plist.strings; name = Base; path = Base.lproj/Localizable.strings; sourceTree = "<group>"; };
		C9A65FD6202D824200C3AC72 /* fr */ = {isa = PBXFileReference; lastKnownFileType = text.plist.strings; name = fr; path = fr.lproj/Localizable.strings; sourceTree = "<group>"; };
		C9B355142047CE6100B48D04 /* Model.xcdatamodel */ = {isa = PBXFileReference; lastKnownFileType = wrapper.xcdatamodel; path = Model.xcdatamodel; sourceTree = "<group>"; };
		C9B355252047CF2100B48D04 /* FTDataController.swift */ = {isa = PBXFileReference; lastKnownFileType = sourcecode.swift; path = FTDataController.swift; sourceTree = "<group>"; };
		C9D2DA0A202F695F00A1FB1C /* FTHomeViewController.swift */ = {isa = PBXFileReference; lastKnownFileType = sourcecode.swift; path = FTHomeViewController.swift; sourceTree = "<group>"; };
		C9D2DA0C2032A9DE00A1FB1C /* FTHomeDataView.swift */ = {isa = PBXFileReference; lastKnownFileType = sourcecode.swift; path = FTHomeDataView.swift; sourceTree = "<group>"; };
		C9D2DA0F2032AA4000A1FB1C /* FTTitleLabel.swift */ = {isa = PBXFileReference; lastKnownFileType = sourcecode.swift; path = FTTitleLabel.swift; sourceTree = "<group>"; };
		C9D2DA132032ABC700A1FB1C /* FTBodyLabel.swift */ = {isa = PBXFileReference; lastKnownFileType = sourcecode.swift; path = FTBodyLabel.swift; sourceTree = "<group>"; };
		C9D2DA172032B3E500A1FB1C /* FTFonts.swift */ = {isa = PBXFileReference; lastKnownFileType = sourcecode.swift; path = FTFonts.swift; sourceTree = "<group>"; };
		C9EC4E3920340BFB00CF538F /* FTMainWorkoutViewController.swift */ = {isa = PBXFileReference; lastKnownFileType = sourcecode.swift; path = FTMainWorkoutViewController.swift; sourceTree = "<group>"; };
		C9EC4E3B20340C5400CF538F /* FTButtonFactory.swift */ = {isa = PBXFileReference; lastKnownFileType = sourcecode.swift; path = FTButtonFactory.swift; sourceTree = "<group>"; };
		C9EC4E3F2035513500CF538F /* FTMainWorkoutTableViewCell.swift */ = {isa = PBXFileReference; lastKnownFileType = sourcecode.swift; path = FTMainWorkoutTableViewCell.swift; sourceTree = "<group>"; };
		C9EC4E43203553FD00CF538F /* FTSizedLabel.swift */ = {isa = PBXFileReference; lastKnownFileType = sourcecode.swift; path = FTSizedLabel.swift; sourceTree = "<group>"; };
		C9EC4E452035559E00CF538F /* FTDescriptionLabel.swift */ = {isa = PBXFileReference; lastKnownFileType = sourcecode.swift; path = FTDescriptionLabel.swift; sourceTree = "<group>"; };
		C9EC4E4C20355C8A00CF538F /* FTStringExtension.swift */ = {isa = PBXFileReference; lastKnownFileType = sourcecode.swift; path = FTStringExtension.swift; sourceTree = "<group>"; };
		C9EC4E502037D34900CF538F /* FTNewExerciseViewController.swift */ = {isa = PBXFileReference; lastKnownFileType = sourcecode.swift; path = FTNewExerciseViewController.swift; sourceTree = "<group>"; };
		C9EC4E542037DA9D00CF538F /* FTTextFieldTableViewCell.swift */ = {isa = PBXFileReference; lastKnownFileType = sourcecode.swift; path = FTTextFieldTableViewCell.swift; sourceTree = "<group>"; };
		C9EC4E582037DB0400CF538F /* FTDefaultTextField.swift */ = {isa = PBXFileReference; lastKnownFileType = sourcecode.swift; path = FTDefaultTextField.swift; sourceTree = "<group>"; };
		C9EC4E5A2037E44C00CF538F /* FTGlobals.swift */ = {isa = PBXFileReference; lastKnownFileType = sourcecode.swift; path = FTGlobals.swift; sourceTree = "<group>"; };
		C9EC4E5C2037E6F200CF538F /* FTStringFormatter.swift */ = {isa = PBXFileReference; lastKnownFileType = sourcecode.swift; path = FTStringFormatter.swift; sourceTree = "<group>"; };
		C9EC4E5E2037EF4100CF538F /* FTExerciseSelectionCell.swift */ = {isa = PBXFileReference; lastKnownFileType = sourcecode.swift; path = FTExerciseSelectionCell.swift; sourceTree = "<group>"; };
		C9EC4E602037F4CE00CF538F /* FTSimpleFontSizeProtocol.swift */ = {isa = PBXFileReference; lastKnownFileType = sourcecode.swift; path = FTSimpleFontSizeProtocol.swift; sourceTree = "<group>"; };
		C9EC4E622037F88500CF538F /* FTNewExerciseDetailViewController.swift */ = {isa = PBXFileReference; lastKnownFileType = sourcecode.swift; path = FTNewExerciseDetailViewController.swift; sourceTree = "<group>"; };
		C9EC4E6420389FD900CF538F /* FTEditWorkoutViewController.swift */ = {isa = PBXFileReference; lastKnownFileType = sourcecode.swift; path = FTEditWorkoutViewController.swift; sourceTree = "<group>"; };
		C9EC4E772039EC8300CF538F /* FTButtonTableViewCell.swift */ = {isa = PBXFileReference; lastKnownFileType = sourcecode.swift; path = FTButtonTableViewCell.swift; sourceTree = "<group>"; };
		C9EC4E792039F02A00CF538F /* FTEditWorkoutSetTableViewCell.swift */ = {isa = PBXFileReference; lastKnownFileType = sourcecode.swift; path = FTEditWorkoutSetTableViewCell.swift; sourceTree = "<group>"; };
		C9EC4E7D203BFADD00CF538F /* FTDoubleExtension.swift */ = {isa = PBXFileReference; lastKnownFileType = sourcecode.swift; path = FTDoubleExtension.swift; sourceTree = "<group>"; };
		C9EC4E7F203E8BF300CF538F /* FTAddExerciseViewController.swift */ = {isa = PBXFileReference; lastKnownFileType = sourcecode.swift; path = FTAddExerciseViewController.swift; sourceTree = "<group>"; };
		DD8CB329BFC37FDA63EBC38C /* Pods_Fit_Tracker.framework */ = {isa = PBXFileReference; explicitFileType = wrapper.framework; includeInIndex = 0; path = Pods_Fit_Tracker.framework; sourceTree = BUILT_PRODUCTS_DIR; };
		F7B50096F82319BCEFF02D81 /* Pods-Fit Tracker.release.xcconfig */ = {isa = PBXFileReference; includeInIndex = 1; lastKnownFileType = text.xcconfig; name = "Pods-Fit Tracker.release.xcconfig"; path = "Pods/Target Support Files/Pods-Fit Tracker/Pods-Fit Tracker.release.xcconfig"; sourceTree = "<group>"; };
/* End PBXFileReference section */

/* Begin PBXFrameworksBuildPhase section */
		C9775CF42020441C00C2E9B3 /* Frameworks */ = {
			isa = PBXFrameworksBuildPhase;
			buildActionMask = 2147483647;
			files = (
				53ADD1F2A311B0FC989B9ACF /* Pods_Fit_Tracker.framework in Frameworks */,
			);
			runOnlyForDeploymentPostprocessing = 0;
		};
/* End PBXFrameworksBuildPhase section */

/* Begin PBXGroup section */
		9ECE49808303D55D67487AEF /* Pods */ = {
			isa = PBXGroup;
			children = (
				950B968F1984DBBF7771FA02 /* Pods-Fit Tracker.debug.xcconfig */,
				F7B50096F82319BCEFF02D81 /* Pods-Fit Tracker.release.xcconfig */,
			);
			name = Pods;
			sourceTree = "<group>";
		};
		BEC5E992CB991E02C0FDD814 /* Frameworks */ = {
			isa = PBXGroup;
			children = (
				DD8CB329BFC37FDA63EBC38C /* Pods_Fit_Tracker.framework */,
			);
			name = Frameworks;
			sourceTree = "<group>";
		};
		C902CEB2204516D0005A14E3 /* Views */ = {
			isa = PBXGroup;
			children = (
				C9EC4E602037F4CE00CF538F /* FTSimpleFontSizeProtocol.swift */,
				C9EC4E47203555FC00CF538F /* Labels */,
				C9EC4E572037DAE600CF538F /* Textfield */,
				C9EC4E562037DAA200CF538F /* Cells */,
				C9EC4E48203559AD00CF538F /* Buttons */,
			);
			name = Views;
			sourceTree = "<group>";
		};
		C928F91C204912DC001BA6CE /* Log */ = {
			isa = PBXGroup;
			children = (
				C928F902204911C8001BA6CE /* FTExerciseLog+CoreDataClass.swift */,
				C928F904204911C9001BA6CE /* FTExerciseLog+CoreDataProperties.swift */,
				C97B24BA204BDB57008B59F8 /* FTExerciseGroupLog+CoreDataClass.swift */,
				C97B24BB204BDB57008B59F8 /* FTExerciseGroupLog+CoreDataProperties.swift */,
				C928F903204911C9001BA6CE /* FTSetLog+CoreDataClass.swift */,
				C928F90B204911C9001BA6CE /* FTSetLog+CoreDataProperties.swift */,
				C928F905204911C9001BA6CE /* FTWorkoutLog+CoreDataClass.swift */,
				C928F906204911C9001BA6CE /* FTWorkoutLog+CoreDataProperties.swift */,
			);
			path = Log;
			sourceTree = "<group>";
		};
		C928F91D204912EA001BA6CE /* Template */ = {
			isa = PBXGroup;
			children = (
				C928F90A204911C9001BA6CE /* FTExerciseTemplate+CoreDataClass.swift */,
				C928F900204911C8001BA6CE /* FTExerciseTemplate+CoreDataProperties.swift */,
				C97B24B6204BD714008B59F8 /* FTExerciseGroupTemplate+CoreDataClass.swift */,
				C97B24B7204BD714008B59F8 /* FTExerciseGroupTemplate+CoreDataProperties.swift */,
				C928F90C204911C9001BA6CE /* FTSetTemplate+CoreDataClass.swift */,
				C928F908204911C9001BA6CE /* FTSetTemplate+CoreDataProperties.swift */,
				C928F901204911C8001BA6CE /* FTWorkoutTemplate+CoreDataClass.swift */,
				C928F90D204911CA001BA6CE /* FTWorkoutTemplate+CoreDataProperties.swift */,
			);
			path = Template;
			sourceTree = "<group>";
		};
		C928F920204A46D3001BA6CE /* Managers */ = {
			isa = PBXGroup;
			children = (
				C9A65FCF202D7ADB00C3AC72 /* FTSettingsManager.swift */,
				C928F921204A46F5001BA6CE /* FTNavigationManager.swift */,
			);
			name = Managers;
			sourceTree = "<group>";
		};
		C9775CEE2020441C00C2E9B3 = {
			isa = PBXGroup;
			children = (
				C9775CF92020441C00C2E9B3 /* Fit Tracker */,
				C9775CF82020441C00C2E9B3 /* Products */,
				9ECE49808303D55D67487AEF /* Pods */,
				BEC5E992CB991E02C0FDD814 /* Frameworks */,
			);
			sourceTree = "<group>";
		};
		C9775CF82020441C00C2E9B3 /* Products */ = {
			isa = PBXGroup;
			children = (
				C9775CF72020441C00C2E9B3 /* Fit Tracker.app */,
			);
			name = Products;
			sourceTree = "<group>";
		};
		C9775CF92020441C00C2E9B3 /* Fit Tracker */ = {
			isa = PBXGroup;
			children = (
				C9775CFE2020441C00C2E9B3 /* Main.storyboard */,
				C9EC4E4F2037D32E00CF538F /* Exercise */,
				C9EC4E3820340BD400CF538F /* Workouts */,
				C9D2DA09202F694B00A1FB1C /* Home */,
				C9A65FC5202D784F00C3AC72 /* Main */,
				C928F920204A46D3001BA6CE /* Managers */,
				C9B355122047CE4900B48D04 /* Core Data */,
				C9A65FC8202D78D300C3AC72 /* Constants */,
				C9CDFDD720219C2800FEE905 /* Helper */,
				C9D2DA0E2032AA2E00A1FB1C /* FTClasses */,
				C9EC4E4B20355C6300CF538F /* Extensions */,
				C9CDFDCE202050FC00FEE905 /* Supporting Files */,
			);
			path = "Fit Tracker";
			sourceTree = "<group>";
		};
		C97A234B204B6614001997E8 /* Cells */ = {
			isa = PBXGroup;
			children = (
				C9EC4E5E2037EF4100CF538F /* FTExerciseSelectionCell.swift */,
				C97A234E204B6735001997E8 /* FTExerciseSelectionCell.xib */,
				C97A2349204B30FD001997E8 /* FTTimerPickerCell.swift */,
				C97A234C204B6695001997E8 /* FTTimerPickerCell.xib */,
			);
			name = Cells;
			sourceTree = "<group>";
		};
		C9A65FC5202D784F00C3AC72 /* Main */ = {
			isa = PBXGroup;
			children = (
				C9775CFC2020441C00C2E9B3 /* FTMainViewController.swift */,
			);
			name = Main;
			sourceTree = "<group>";
		};
		C9A65FC8202D78D300C3AC72 /* Constants */ = {
			isa = PBXGroup;
			children = (
				C9A65FCD202D79A500C3AC72 /* FTColours.swift */,
				C9A65FC9202D78EB00C3AC72 /* FTLayout.swift */,
				C9D2DA172032B3E500A1FB1C /* FTFonts.swift */,
				C9EC4E5A2037E44C00CF538F /* FTGlobals.swift */,
			);
			name = Constants;
			sourceTree = "<group>";
		};
		C9B354ED204516F800B48D04 /* Models */ = {
			isa = PBXGroup;
			children = (
				C928F927204A5637001BA6CE /* FTNavigationReceiverDelegate.swift */,
			);
			name = Models;
			sourceTree = "<group>";
		};
		C9B355122047CE4900B48D04 /* Core Data */ = {
			isa = PBXGroup;
			children = (
				C928F907204911C9001BA6CE /* FTExercise+CoreDataClass.swift */,
				C928F909204911C9001BA6CE /* FTExercise+CoreDataProperties.swift */,
				C928F91C204912DC001BA6CE /* Log */,
				C928F91D204912EA001BA6CE /* Template */,
				C9B355132047CE6100B48D04 /* Model.xcdatamodeld */,
				C9B355252047CF2100B48D04 /* FTDataController.swift */,
			);
			path = "Core Data";
			sourceTree = "<group>";
		};
		C9CDFDCE202050FC00FEE905 /* Supporting Files */ = {
			isa = PBXGroup;
			children = (
				C9A65FD3202D821B00C3AC72 /* Localizable.strings */,
				C9775CFA2020441C00C2E9B3 /* AppDelegate.swift */,
				C9775D012020441C00C2E9B3 /* Assets.xcassets */,
				C9775D032020441C00C2E9B3 /* LaunchScreen.storyboard */,
				C9775D062020441C00C2E9B3 /* Info.plist */,
			);
			name = "Supporting Files";
			sourceTree = "<group>";
		};
		C9CDFDD720219C2800FEE905 /* Helper */ = {
			isa = PBXGroup;
			children = (
				C9EC4E5C2037E6F200CF538F /* FTStringFormatter.swift */,
			);
			name = Helper;
			sourceTree = "<group>";
		};
		C9D2DA09202F694B00A1FB1C /* Home */ = {
			isa = PBXGroup;
			children = (
				C9D2DA0A202F695F00A1FB1C /* FTHomeViewController.swift */,
				C9D2DA0C2032A9DE00A1FB1C /* FTHomeDataView.swift */,
			);
			name = Home;
			sourceTree = "<group>";
		};
		C9D2DA0E2032AA2E00A1FB1C /* FTClasses */ = {
			isa = PBXGroup;
			children = (
				C9B354ED204516F800B48D04 /* Models */,
				C902CEB2204516D0005A14E3 /* Views */,
			);
			name = FTClasses;
			sourceTree = "<group>";
		};
		C9EC4E3820340BD400CF538F /* Workouts */ = {
			isa = PBXGroup;
			children = (
				C9EC4E3920340BFB00CF538F /* FTMainWorkoutViewController.swift */,
				C9EC4E3F2035513500CF538F /* FTMainWorkoutTableViewCell.swift */,
				C9EC4E6420389FD900CF538F /* FTEditWorkoutViewController.swift */,
				C9EC4E792039F02A00CF538F /* FTEditWorkoutSetTableViewCell.swift */,
			);
			name = Workouts;
			sourceTree = "<group>";
		};
		C9EC4E47203555FC00CF538F /* Labels */ = {
			isa = PBXGroup;
			children = (
				C9D2DA132032ABC700A1FB1C /* FTBodyLabel.swift */,
				C9EC4E452035559E00CF538F /* FTDescriptionLabel.swift */,
				C9EC4E43203553FD00CF538F /* FTSizedLabel.swift */,
				C9D2DA0F2032AA4000A1FB1C /* FTTitleLabel.swift */,
			);
			name = Labels;
			sourceTree = "<group>";
		};
		C9EC4E48203559AD00CF538F /* Buttons */ = {
			isa = PBXGroup;
			children = (
				C9EC4E3B20340C5400CF538F /* FTButtonFactory.swift */,
			);
			name = Buttons;
			sourceTree = "<group>";
		};
		C9EC4E4B20355C6300CF538F /* Extensions */ = {
			isa = PBXGroup;
			children = (
				C902CEAC2042B3AA005A14E3 /* FTArrayExtension.swift */,
				C9EC4E7D203BFADD00CF538F /* FTDoubleExtension.swift */,
				C9EC4E4C20355C8A00CF538F /* FTStringExtension.swift */,
			);
			name = Extensions;
			sourceTree = "<group>";
		};
		C9EC4E4F2037D32E00CF538F /* Exercise */ = {
			isa = PBXGroup;
			children = (
				C9EC4E502037D34900CF538F /* FTNewExerciseViewController.swift */,
				C9EC4E622037F88500CF538F /* FTNewExerciseDetailViewController.swift */,
				C97A234B204B6614001997E8 /* Cells */,
				C9EC4E7F203E8BF300CF538F /* FTAddExerciseViewController.swift */,
				C928F929204B1D0B001BA6CE /* FTTimerPickerController.swift */,
			);
			name = Exercise;
			sourceTree = "<group>";
		};
		C9EC4E562037DAA200CF538F /* Cells */ = {
			isa = PBXGroup;
			children = (
				C9EC4E772039EC8300CF538F /* FTButtonTableViewCell.swift */,
			);
			name = Cells;
			sourceTree = "<group>";
		};
		C9EC4E572037DAE600CF538F /* Textfield */ = {
			isa = PBXGroup;
			children = (
				C9EC4E542037DA9D00CF538F /* FTTextFieldTableViewCell.swift */,
				C9EC4E582037DB0400CF538F /* FTDefaultTextField.swift */,
			);
			name = Textfield;
			sourceTree = "<group>";
		};
/* End PBXGroup section */

/* Begin PBXNativeTarget section */
		C9775CF62020441C00C2E9B3 /* Fit Tracker */ = {
			isa = PBXNativeTarget;
			buildConfigurationList = C9775D092020441C00C2E9B3 /* Build configuration list for PBXNativeTarget "Fit Tracker" */;
			buildPhases = (
				A8FC2E8E317C99590292CE65 /* [CP] Check Pods Manifest.lock */,
				C9775CF32020441C00C2E9B3 /* Sources */,
				C9775CF42020441C00C2E9B3 /* Frameworks */,
				C9775CF52020441C00C2E9B3 /* Resources */,
				657695DCC861D30D8A1D6FC9 /* [CP] Embed Pods Frameworks */,
				690BDBA3AF64C3E535CEF09E /* [CP] Copy Pods Resources */,
			);
			buildRules = (
			);
			dependencies = (
			);
			name = "Fit Tracker";
			productName = "Fit Tracker";
			productReference = C9775CF72020441C00C2E9B3 /* Fit Tracker.app */;
			productType = "com.apple.product-type.application";
		};
/* End PBXNativeTarget section */

/* Begin PBXProject section */
		C9775CEF2020441C00C2E9B3 /* Project object */ = {
			isa = PBXProject;
			attributes = {
				LastSwiftUpdateCheck = 0920;
				LastUpgradeCheck = 0920;
				ORGANIZATIONNAME = "Casey McLewin";
				TargetAttributes = {
					C9775CF62020441C00C2E9B3 = {
						CreatedOnToolsVersion = 9.2;
						ProvisioningStyle = Automatic;
					};
				};
			};
			buildConfigurationList = C9775CF22020441C00C2E9B3 /* Build configuration list for PBXProject "Fit Tracker" */;
			compatibilityVersion = "Xcode 8.0";
			developmentRegion = en;
			hasScannedForEncodings = 0;
			knownRegions = (
				en,
				Base,
				fr,
			);
			mainGroup = C9775CEE2020441C00C2E9B3;
			productRefGroup = C9775CF82020441C00C2E9B3 /* Products */;
			projectDirPath = "";
			projectRoot = "";
			targets = (
				C9775CF62020441C00C2E9B3 /* Fit Tracker */,
			);
		};
/* End PBXProject section */

/* Begin PBXResourcesBuildPhase section */
		C9775CF52020441C00C2E9B3 /* Resources */ = {
			isa = PBXResourcesBuildPhase;
			buildActionMask = 2147483647;
			files = (
				C97A234F204B6735001997E8 /* FTExerciseSelectionCell.xib in Resources */,
				C9775D052020441C00C2E9B3 /* LaunchScreen.storyboard in Resources */,
				C9A65FD5202D821B00C3AC72 /* Localizable.strings in Resources */,
				C9775D022020441C00C2E9B3 /* Assets.xcassets in Resources */,
				C97A234D204B6695001997E8 /* FTTimerPickerCell.xib in Resources */,
				C9775D002020441C00C2E9B3 /* Main.storyboard in Resources */,
			);
			runOnlyForDeploymentPostprocessing = 0;
		};
/* End PBXResourcesBuildPhase section */

/* Begin PBXShellScriptBuildPhase section */
		657695DCC861D30D8A1D6FC9 /* [CP] Embed Pods Frameworks */ = {
			isa = PBXShellScriptBuildPhase;
			buildActionMask = 2147483647;
			files = (
			);
			inputPaths = (
				"${SRCROOT}/Pods/Target Support Files/Pods-Fit Tracker/Pods-Fit Tracker-frameworks.sh",
				"${BUILT_PRODUCTS_DIR}/ChameleonFramework/ChameleonFramework.framework",
				"${BUILT_PRODUCTS_DIR}/SnapKit/SnapKit.framework",
			);
			name = "[CP] Embed Pods Frameworks";
			outputPaths = (
				"${TARGET_BUILD_DIR}/${FRAMEWORKS_FOLDER_PATH}/ChameleonFramework.framework",
				"${TARGET_BUILD_DIR}/${FRAMEWORKS_FOLDER_PATH}/SnapKit.framework",
			);
			runOnlyForDeploymentPostprocessing = 0;
			shellPath = /bin/sh;
			shellScript = "\"${SRCROOT}/Pods/Target Support Files/Pods-Fit Tracker/Pods-Fit Tracker-frameworks.sh\"\n";
			showEnvVarsInLog = 0;
		};
		690BDBA3AF64C3E535CEF09E /* [CP] Copy Pods Resources */ = {
			isa = PBXShellScriptBuildPhase;
			buildActionMask = 2147483647;
			files = (
			);
			inputPaths = (
			);
			name = "[CP] Copy Pods Resources";
			outputPaths = (
			);
			runOnlyForDeploymentPostprocessing = 0;
			shellPath = /bin/sh;
			shellScript = "\"${SRCROOT}/Pods/Target Support Files/Pods-Fit Tracker/Pods-Fit Tracker-resources.sh\"\n";
			showEnvVarsInLog = 0;
		};
		A8FC2E8E317C99590292CE65 /* [CP] Check Pods Manifest.lock */ = {
			isa = PBXShellScriptBuildPhase;
			buildActionMask = 2147483647;
			files = (
			);
			inputPaths = (
				"${PODS_PODFILE_DIR_PATH}/Podfile.lock",
				"${PODS_ROOT}/Manifest.lock",
			);
			name = "[CP] Check Pods Manifest.lock";
			outputPaths = (
				"$(DERIVED_FILE_DIR)/Pods-Fit Tracker-checkManifestLockResult.txt",
			);
			runOnlyForDeploymentPostprocessing = 0;
			shellPath = /bin/sh;
			shellScript = "diff \"${PODS_PODFILE_DIR_PATH}/Podfile.lock\" \"${PODS_ROOT}/Manifest.lock\" > /dev/null\nif [ $? != 0 ] ; then\n    # print error to STDERR\n    echo \"error: The sandbox is not in sync with the Podfile.lock. Run 'pod install' or update your CocoaPods installation.\" >&2\n    exit 1\nfi\n# This output is used by Xcode 'outputs' to avoid re-running this script phase.\necho \"SUCCESS\" > \"${SCRIPT_OUTPUT_FILE_0}\"\n";
			showEnvVarsInLog = 0;
		};
/* End PBXShellScriptBuildPhase section */

/* Begin PBXSourcesBuildPhase section */
		C9775CF32020441C00C2E9B3 /* Sources */ = {
			isa = PBXSourcesBuildPhase;
			buildActionMask = 2147483647;
			files = (
				C9D2DA182032B3E500A1FB1C /* FTFonts.swift in Sources */,
				C9EC4E80203E8BF300CF538F /* FTAddExerciseViewController.swift in Sources */,
				C9EC4E402035513500CF538F /* FTMainWorkoutTableViewCell.swift in Sources */,
				C9B355262047CF2100B48D04 /* FTDataController.swift in Sources */,
				C97B24BC204BDB57008B59F8 /* FTExerciseGroupLog+CoreDataClass.swift in Sources */,
				C9EC4E592037DB0400CF538F /* FTDefaultTextField.swift in Sources */,
				C9775CFD2020441C00C2E9B3 /* FTMainViewController.swift in Sources */,
				C9A65FCE202D79A500C3AC72 /* FTColours.swift in Sources */,
				C928F915204911CA001BA6CE /* FTExercise+CoreDataClass.swift in Sources */,
				C928F928204A5637001BA6CE /* FTNavigationReceiverDelegate.swift in Sources */,
				C9775CFB2020441C00C2E9B3 /* AppDelegate.swift in Sources */,
				C928F917204911CA001BA6CE /* FTExercise+CoreDataProperties.swift in Sources */,
				C97B24BD204BDB57008B59F8 /* FTExerciseGroupLog+CoreDataProperties.swift in Sources */,
				C9D2DA102032AA4000A1FB1C /* FTTitleLabel.swift in Sources */,
				C9A65FD0202D7ADB00C3AC72 /* FTSettingsManager.swift in Sources */,
				C928F922204A46F5001BA6CE /* FTNavigationManager.swift in Sources */,
				C97B24B9204BD714008B59F8 /* FTExerciseGroupTemplate+CoreDataProperties.swift in Sources */,
				C9EC4E7E203BFADD00CF538F /* FTDoubleExtension.swift in Sources */,
				C9EC4E552037DA9D00CF538F /* FTTextFieldTableViewCell.swift in Sources */,
				C9D2DA0B202F695F00A1FB1C /* FTHomeViewController.swift in Sources */,
				C9EC4E462035559E00CF538F /* FTDescriptionLabel.swift in Sources */,
				C9EC4E5B2037E44C00CF538F /* FTGlobals.swift in Sources */,
				C9EC4E632037F88500CF538F /* FTNewExerciseDetailViewController.swift in Sources */,
				C9EC4E3A20340BFB00CF538F /* FTMainWorkoutViewController.swift in Sources */,
				C97B24B8204BD714008B59F8 /* FTExerciseGroupTemplate+CoreDataClass.swift in Sources */,
				C9EC4E782039EC8300CF538F /* FTButtonTableViewCell.swift in Sources */,
				C9A65FCA202D78EB00C3AC72 /* FTLayout.swift in Sources */,
				C9EC4E3C20340C5400CF538F /* FTButtonFactory.swift in Sources */,
				C9EC4E512037D34900CF538F /* FTNewExerciseViewController.swift in Sources */,
				C9EC4E5F2037EF4100CF538F /* FTExerciseSelectionCell.swift in Sources */,
				C928F910204911CA001BA6CE /* FTExerciseLog+CoreDataClass.swift in Sources */,
				C928F91B204911CA001BA6CE /* FTWorkoutTemplate+CoreDataProperties.swift in Sources */,
				C9D2DA0D2032A9DE00A1FB1C /* FTHomeDataView.swift in Sources */,
				C928F90F204911CA001BA6CE /* FTWorkoutTemplate+CoreDataClass.swift in Sources */,
				C9EC4E7A2039F02A00CF538F /* FTEditWorkoutSetTableViewCell.swift in Sources */,
				C9EC4E5D2037E6F200CF538F /* FTStringFormatter.swift in Sources */,
				C9D2DA142032ABC700A1FB1C /* FTBodyLabel.swift in Sources */,
				C928F916204911CA001BA6CE /* FTSetTemplate+CoreDataProperties.swift in Sources */,
				C9EC4E44203553FD00CF538F /* FTSizedLabel.swift in Sources */,
				C928F918204911CA001BA6CE /* FTExerciseTemplate+CoreDataClass.swift in Sources */,
				C9B355152047CE6100B48D04 /* Model.xcdatamodeld in Sources */,
				C928F913204911CA001BA6CE /* FTWorkoutLog+CoreDataClass.swift in Sources */,
				C928F90E204911CA001BA6CE /* FTExerciseTemplate+CoreDataProperties.swift in Sources */,
				C928F914204911CA001BA6CE /* FTWorkoutLog+CoreDataProperties.swift in Sources */,
				C928F91A204911CA001BA6CE /* FTSetTemplate+CoreDataClass.swift in Sources */,
				C928F919204911CA001BA6CE /* FTSetLog+CoreDataProperties.swift in Sources */,
				C928F92A204B1D0B001BA6CE /* FTTimerPickerController.swift in Sources */,
				C928F912204911CA001BA6CE /* FTExerciseLog+CoreDataProperties.swift in Sources */,
				C928F911204911CA001BA6CE /* FTSetLog+CoreDataClass.swift in Sources */,
				C9EC4E6520389FD900CF538F /* FTEditWorkoutViewController.swift in Sources */,
				C9EC4E612037F4CE00CF538F /* FTSimpleFontSizeProtocol.swift in Sources */,
				C9EC4E4D20355C8A00CF538F /* FTStringExtension.swift in Sources */,
				C902CEAD2042B3AA005A14E3 /* FTArrayExtension.swift in Sources */,
				C97A234A204B30FD001997E8 /* FTTimerPickerCell.swift in Sources */,
			);
			runOnlyForDeploymentPostprocessing = 0;
		};
/* End PBXSourcesBuildPhase section */

/* Begin PBXVariantGroup section */
		C9775CFE2020441C00C2E9B3 /* Main.storyboard */ = {
			isa = PBXVariantGroup;
			children = (
				C9775CFF2020441C00C2E9B3 /* Base */,
				C9A65FD1202D81B300C3AC72 /* fr */,
			);
			name = Main.storyboard;
			sourceTree = "<group>";
		};
		C9775D032020441C00C2E9B3 /* LaunchScreen.storyboard */ = {
			isa = PBXVariantGroup;
			children = (
				C9775D042020441C00C2E9B3 /* Base */,
				C9A65FD2202D81B300C3AC72 /* fr */,
			);
			name = LaunchScreen.storyboard;
			sourceTree = "<group>";
		};
		C9A65FD3202D821B00C3AC72 /* Localizable.strings */ = {
			isa = PBXVariantGroup;
			children = (
				C9A65FD4202D821B00C3AC72 /* Base */,
				C9A65FD6202D824200C3AC72 /* fr */,
			);
			name = Localizable.strings;
			sourceTree = "<group>";
		};
/* End PBXVariantGroup section */

/* Begin XCBuildConfiguration section */
		C9775D072020441C00C2E9B3 /* Debug */ = {
			isa = XCBuildConfiguration;
			buildSettings = {
				ALWAYS_SEARCH_USER_PATHS = NO;
				CLANG_ANALYZER_LOCALIZABILITY_NONLOCALIZED = YES;
				CLANG_ANALYZER_NONNULL = YES;
				CLANG_ANALYZER_NUMBER_OBJECT_CONVERSION = YES_AGGRESSIVE;
				CLANG_CXX_LANGUAGE_STANDARD = "gnu++14";
				CLANG_CXX_LIBRARY = "libc++";
				CLANG_ENABLE_MODULES = YES;
				CLANG_ENABLE_OBJC_ARC = YES;
				CLANG_WARN_BLOCK_CAPTURE_AUTORELEASING = YES;
				CLANG_WARN_BOOL_CONVERSION = YES;
				CLANG_WARN_COMMA = YES;
				CLANG_WARN_CONSTANT_CONVERSION = YES;
				CLANG_WARN_DIRECT_OBJC_ISA_USAGE = YES_ERROR;
				CLANG_WARN_DOCUMENTATION_COMMENTS = YES;
				CLANG_WARN_EMPTY_BODY = YES;
				CLANG_WARN_ENUM_CONVERSION = YES;
				CLANG_WARN_INFINITE_RECURSION = YES;
				CLANG_WARN_INT_CONVERSION = YES;
				CLANG_WARN_NON_LITERAL_NULL_CONVERSION = YES;
				CLANG_WARN_OBJC_LITERAL_CONVERSION = YES;
				CLANG_WARN_OBJC_ROOT_CLASS = YES_ERROR;
				CLANG_WARN_RANGE_LOOP_ANALYSIS = YES;
				CLANG_WARN_STRICT_PROTOTYPES = YES;
				CLANG_WARN_SUSPICIOUS_MOVE = YES;
				CLANG_WARN_UNGUARDED_AVAILABILITY = YES_AGGRESSIVE;
				CLANG_WARN_UNREACHABLE_CODE = YES;
				CLANG_WARN__DUPLICATE_METHOD_MATCH = YES;
				CODE_SIGN_IDENTITY = "iPhone Developer";
				COPY_PHASE_STRIP = NO;
				DEBUG_INFORMATION_FORMAT = dwarf;
				ENABLE_STRICT_OBJC_MSGSEND = YES;
				ENABLE_TESTABILITY = YES;
				GCC_C_LANGUAGE_STANDARD = gnu11;
				GCC_DYNAMIC_NO_PIC = NO;
				GCC_NO_COMMON_BLOCKS = YES;
				GCC_OPTIMIZATION_LEVEL = 0;
				GCC_PREPROCESSOR_DEFINITIONS = (
					"DEBUG=1",
					"$(inherited)",
				);
				GCC_WARN_64_TO_32_BIT_CONVERSION = YES;
				GCC_WARN_ABOUT_RETURN_TYPE = YES_ERROR;
				GCC_WARN_UNDECLARED_SELECTOR = YES;
				GCC_WARN_UNINITIALIZED_AUTOS = YES_AGGRESSIVE;
				GCC_WARN_UNUSED_FUNCTION = YES;
				GCC_WARN_UNUSED_VARIABLE = YES;
				IPHONEOS_DEPLOYMENT_TARGET = 11.2;
				MTL_ENABLE_DEBUG_INFO = YES;
				ONLY_ACTIVE_ARCH = YES;
				SDKROOT = iphoneos;
				SWIFT_ACTIVE_COMPILATION_CONDITIONS = DEBUG;
				SWIFT_OPTIMIZATION_LEVEL = "-Onone";
			};
			name = Debug;
		};
		C9775D082020441C00C2E9B3 /* Release */ = {
			isa = XCBuildConfiguration;
			buildSettings = {
				ALWAYS_SEARCH_USER_PATHS = NO;
				CLANG_ANALYZER_LOCALIZABILITY_NONLOCALIZED = YES;
				CLANG_ANALYZER_NONNULL = YES;
				CLANG_ANALYZER_NUMBER_OBJECT_CONVERSION = YES_AGGRESSIVE;
				CLANG_CXX_LANGUAGE_STANDARD = "gnu++14";
				CLANG_CXX_LIBRARY = "libc++";
				CLANG_ENABLE_MODULES = YES;
				CLANG_ENABLE_OBJC_ARC = YES;
				CLANG_WARN_BLOCK_CAPTURE_AUTORELEASING = YES;
				CLANG_WARN_BOOL_CONVERSION = YES;
				CLANG_WARN_COMMA = YES;
				CLANG_WARN_CONSTANT_CONVERSION = YES;
				CLANG_WARN_DIRECT_OBJC_ISA_USAGE = YES_ERROR;
				CLANG_WARN_DOCUMENTATION_COMMENTS = YES;
				CLANG_WARN_EMPTY_BODY = YES;
				CLANG_WARN_ENUM_CONVERSION = YES;
				CLANG_WARN_INFINITE_RECURSION = YES;
				CLANG_WARN_INT_CONVERSION = YES;
				CLANG_WARN_NON_LITERAL_NULL_CONVERSION = YES;
				CLANG_WARN_OBJC_LITERAL_CONVERSION = YES;
				CLANG_WARN_OBJC_ROOT_CLASS = YES_ERROR;
				CLANG_WARN_RANGE_LOOP_ANALYSIS = YES;
				CLANG_WARN_STRICT_PROTOTYPES = YES;
				CLANG_WARN_SUSPICIOUS_MOVE = YES;
				CLANG_WARN_UNGUARDED_AVAILABILITY = YES_AGGRESSIVE;
				CLANG_WARN_UNREACHABLE_CODE = YES;
				CLANG_WARN__DUPLICATE_METHOD_MATCH = YES;
				CODE_SIGN_IDENTITY = "iPhone Developer";
				COPY_PHASE_STRIP = NO;
				DEBUG_INFORMATION_FORMAT = "dwarf-with-dsym";
				ENABLE_NS_ASSERTIONS = NO;
				ENABLE_STRICT_OBJC_MSGSEND = YES;
				GCC_C_LANGUAGE_STANDARD = gnu11;
				GCC_NO_COMMON_BLOCKS = YES;
				GCC_WARN_64_TO_32_BIT_CONVERSION = YES;
				GCC_WARN_ABOUT_RETURN_TYPE = YES_ERROR;
				GCC_WARN_UNDECLARED_SELECTOR = YES;
				GCC_WARN_UNINITIALIZED_AUTOS = YES_AGGRESSIVE;
				GCC_WARN_UNUSED_FUNCTION = YES;
				GCC_WARN_UNUSED_VARIABLE = YES;
				IPHONEOS_DEPLOYMENT_TARGET = 11.2;
				MTL_ENABLE_DEBUG_INFO = NO;
				SDKROOT = iphoneos;
				SWIFT_OPTIMIZATION_LEVEL = "-Owholemodule";
				VALIDATE_PRODUCT = YES;
			};
			name = Release;
		};
		C9775D0A2020441C00C2E9B3 /* Debug */ = {
			isa = XCBuildConfiguration;
			baseConfigurationReference = 950B968F1984DBBF7771FA02 /* Pods-Fit Tracker.debug.xcconfig */;
			buildSettings = {
				ASSETCATALOG_COMPILER_APPICON_NAME = AppIcon;
				CODE_SIGN_STYLE = Automatic;
				DEVELOPMENT_TEAM = Y3RP73GH99;
				INFOPLIST_FILE = "Fit Tracker/Info.plist";
				IPHONEOS_DEPLOYMENT_TARGET = 10.0;
				LD_RUNPATH_SEARCH_PATHS = "$(inherited) @executable_path/Frameworks";
				PRODUCT_BUNDLE_IDENTIFIER = "com.uti0mnia.Fit-Tracker";
				PRODUCT_NAME = "$(TARGET_NAME)";
				SWIFT_VERSION = 4.0;
				TARGETED_DEVICE_FAMILY = 1;
			};
			name = Debug;
		};
		C9775D0B2020441C00C2E9B3 /* Release */ = {
			isa = XCBuildConfiguration;
			baseConfigurationReference = F7B50096F82319BCEFF02D81 /* Pods-Fit Tracker.release.xcconfig */;
			buildSettings = {
				ASSETCATALOG_COMPILER_APPICON_NAME = AppIcon;
				CODE_SIGN_STYLE = Automatic;
				DEVELOPMENT_TEAM = Y3RP73GH99;
				INFOPLIST_FILE = "Fit Tracker/Info.plist";
				IPHONEOS_DEPLOYMENT_TARGET = 10.0;
				LD_RUNPATH_SEARCH_PATHS = "$(inherited) @executable_path/Frameworks";
				PRODUCT_BUNDLE_IDENTIFIER = "com.uti0mnia.Fit-Tracker";
				PRODUCT_NAME = "$(TARGET_NAME)";
				SWIFT_VERSION = 4.0;
				TARGETED_DEVICE_FAMILY = 1;
			};
			name = Release;
		};
/* End XCBuildConfiguration section */

/* Begin XCConfigurationList section */
		C9775CF22020441C00C2E9B3 /* Build configuration list for PBXProject "Fit Tracker" */ = {
			isa = XCConfigurationList;
			buildConfigurations = (
				C9775D072020441C00C2E9B3 /* Debug */,
				C9775D082020441C00C2E9B3 /* Release */,
			);
			defaultConfigurationIsVisible = 0;
			defaultConfigurationName = Release;
		};
		C9775D092020441C00C2E9B3 /* Build configuration list for PBXNativeTarget "Fit Tracker" */ = {
			isa = XCConfigurationList;
			buildConfigurations = (
				C9775D0A2020441C00C2E9B3 /* Debug */,
				C9775D0B2020441C00C2E9B3 /* Release */,
			);
			defaultConfigurationIsVisible = 0;
			defaultConfigurationName = Release;
		};
/* End XCConfigurationList section */

/* Begin XCVersionGroup section */
		C9B355132047CE6100B48D04 /* Model.xcdatamodeld */ = {
			isa = XCVersionGroup;
			children = (
				C9B355142047CE6100B48D04 /* Model.xcdatamodel */,
			);
			currentVersion = C9B355142047CE6100B48D04 /* Model.xcdatamodel */;
			path = Model.xcdatamodeld;
			sourceTree = "<group>";
			versionGroupType = wrapper.xcdatamodel;
		};
/* End XCVersionGroup section */
	};
	rootObject = C9775CEF2020441C00C2E9B3 /* Project object */;
}
