// !$*UTF8*$!
{
	archiveVersion = 1;
	classes = {
	};
	objectVersion = 48;
	objects = {

/* Begin PBXBuildFile section */
		53ADD1F2A311B0FC989B9ACF /* Pods_Fit_Tracker.framework in Frameworks */ = {isa = PBXBuildFile; fileRef = DD8CB329BFC37FDA63EBC38C /* Pods_Fit_Tracker.framework */; };
		C9775CFB2020441C00C2E9B3 /* AppDelegate.swift in Sources */ = {isa = PBXBuildFile; fileRef = C9775CFA2020441C00C2E9B3 /* AppDelegate.swift */; };
		C9775CFD2020441C00C2E9B3 /* FTMainViewController.swift in Sources */ = {isa = PBXBuildFile; fileRef = C9775CFC2020441C00C2E9B3 /* FTMainViewController.swift */; };
		C9775D002020441C00C2E9B3 /* Main.storyboard in Resources */ = {isa = PBXBuildFile; fileRef = C9775CFE2020441C00C2E9B3 /* Main.storyboard */; };
		C9775D022020441C00C2E9B3 /* Assets.xcassets in Resources */ = {isa = PBXBuildFile; fileRef = C9775D012020441C00C2E9B3 /* Assets.xcassets */; };
		C9775D052020441C00C2E9B3 /* LaunchScreen.storyboard in Resources */ = {isa = PBXBuildFile; fileRef = C9775D032020441C00C2E9B3 /* LaunchScreen.storyboard */; };
		C9A65FCA202D78EB00C3AC72 /* Layout.swift in Sources */ = {isa = PBXBuildFile; fileRef = C9A65FC9202D78EB00C3AC72 /* Layout.swift */; };
		C9A65FCC202D795400C3AC72 /* FTMainTabBar.swift in Sources */ = {isa = PBXBuildFile; fileRef = C9A65FCB202D795400C3AC72 /* FTMainTabBar.swift */; };
		C9A65FCE202D79A500C3AC72 /* Colours.swift in Sources */ = {isa = PBXBuildFile; fileRef = C9A65FCD202D79A500C3AC72 /* Colours.swift */; };
		C9A65FD0202D7ADB00C3AC72 /* FTSettingsManager.swift in Sources */ = {isa = PBXBuildFile; fileRef = C9A65FCF202D7ADB00C3AC72 /* FTSettingsManager.swift */; };
		C9A65FD5202D821B00C3AC72 /* Localizable.strings in Resources */ = {isa = PBXBuildFile; fileRef = C9A65FD3202D821B00C3AC72 /* Localizable.strings */; };
		C9CDFDC72020468C00FEE905 /* FTExercise.swift in Sources */ = {isa = PBXBuildFile; fileRef = C9CDFDC62020468C00FEE905 /* FTExercise.swift */; };
		C9CDFDCB20204ADF00FEE905 /* FTWorkoutExercise.swift in Sources */ = {isa = PBXBuildFile; fileRef = C9CDFDCA20204ADF00FEE905 /* FTWorkoutExercise.swift */; };
		C9CDFDCD20204F9800FEE905 /* FTWorkout.swift in Sources */ = {isa = PBXBuildFile; fileRef = C9CDFDCC20204F9800FEE905 /* FTWorkout.swift */; };
		C9CDFDD42021844C00FEE905 /* FTRealmFactoryManager.swift in Sources */ = {isa = PBXBuildFile; fileRef = C9CDFDD32021844C00FEE905 /* FTRealmFactoryManager.swift */; };
		C9CDFDD620218D7500FEE905 /* FTRealmManager.swift in Sources */ = {isa = PBXBuildFile; fileRef = C9CDFDD520218D7500FEE905 /* FTRealmManager.swift */; };
		C9D2DA0B202F695F00A1FB1C /* FTHomeViewController.swift in Sources */ = {isa = PBXBuildFile; fileRef = C9D2DA0A202F695F00A1FB1C /* FTHomeViewController.swift */; };
		C9D2DA0D2032A9DE00A1FB1C /* FTHomeDataView.swift in Sources */ = {isa = PBXBuildFile; fileRef = C9D2DA0C2032A9DE00A1FB1C /* FTHomeDataView.swift */; };
		C9D2DA102032AA4000A1FB1C /* FTTitleLabel.swift in Sources */ = {isa = PBXBuildFile; fileRef = C9D2DA0F2032AA4000A1FB1C /* FTTitleLabel.swift */; };
		C9D2DA142032ABC700A1FB1C /* FTBodyLabel.swift in Sources */ = {isa = PBXBuildFile; fileRef = C9D2DA132032ABC700A1FB1C /* FTBodyLabel.swift */; };
		C9D2DA182032B3E500A1FB1C /* Fonts.swift in Sources */ = {isa = PBXBuildFile; fileRef = C9D2DA172032B3E500A1FB1C /* Fonts.swift */; };
		C9EC4E3A20340BFB00CF538F /* FTMainWorkoutViewController.swift in Sources */ = {isa = PBXBuildFile; fileRef = C9EC4E3920340BFB00CF538F /* FTMainWorkoutViewController.swift */; };
		C9EC4E3C20340C5400CF538F /* FTButtonFactory.swift in Sources */ = {isa = PBXBuildFile; fileRef = C9EC4E3B20340C5400CF538F /* FTButtonFactory.swift */; };
/* End PBXBuildFile section */

/* Begin PBXFileReference section */
		950B968F1984DBBF7771FA02 /* Pods-Fit Tracker.debug.xcconfig */ = {isa = PBXFileReference; includeInIndex = 1; lastKnownFileType = text.xcconfig; name = "Pods-Fit Tracker.debug.xcconfig"; path = "Pods/Target Support Files/Pods-Fit Tracker/Pods-Fit Tracker.debug.xcconfig"; sourceTree = "<group>"; };
		C9775CF72020441C00C2E9B3 /* Fit Tracker.app */ = {isa = PBXFileReference; explicitFileType = wrapper.application; includeInIndex = 0; path = "Fit Tracker.app"; sourceTree = BUILT_PRODUCTS_DIR; };
		C9775CFA2020441C00C2E9B3 /* AppDelegate.swift */ = {isa = PBXFileReference; lastKnownFileType = sourcecode.swift; path = AppDelegate.swift; sourceTree = "<group>"; };
		C9775CFC2020441C00C2E9B3 /* FTMainViewController.swift */ = {isa = PBXFileReference; lastKnownFileType = sourcecode.swift; path = FTMainViewController.swift; sourceTree = "<group>"; };
		C9775CFF2020441C00C2E9B3 /* Base */ = {isa = PBXFileReference; lastKnownFileType = file.storyboard; name = Base; path = Base.lproj/Main.storyboard; sourceTree = "<group>"; };
		C9775D012020441C00C2E9B3 /* Assets.xcassets */ = {isa = PBXFileReference; lastKnownFileType = folder.assetcatalog; path = Assets.xcassets; sourceTree = "<group>"; };
		C9775D042020441C00C2E9B3 /* Base */ = {isa = PBXFileReference; lastKnownFileType = file.storyboard; name = Base; path = Base.lproj/LaunchScreen.storyboard; sourceTree = "<group>"; };
		C9775D062020441C00C2E9B3 /* Info.plist */ = {isa = PBXFileReference; lastKnownFileType = text.plist.xml; path = Info.plist; sourceTree = "<group>"; };
		C9A65FC9202D78EB00C3AC72 /* Layout.swift */ = {isa = PBXFileReference; lastKnownFileType = sourcecode.swift; path = Layout.swift; sourceTree = "<group>"; };
		C9A65FCB202D795400C3AC72 /* FTMainTabBar.swift */ = {isa = PBXFileReference; lastKnownFileType = sourcecode.swift; path = FTMainTabBar.swift; sourceTree = "<group>"; };
		C9A65FCD202D79A500C3AC72 /* Colours.swift */ = {isa = PBXFileReference; lastKnownFileType = sourcecode.swift; path = Colours.swift; sourceTree = "<group>"; };
		C9A65FCF202D7ADB00C3AC72 /* FTSettingsManager.swift */ = {isa = PBXFileReference; lastKnownFileType = sourcecode.swift; path = FTSettingsManager.swift; sourceTree = "<group>"; };
		C9A65FD1202D81B300C3AC72 /* fr */ = {isa = PBXFileReference; lastKnownFileType = text.plist.strings; name = fr; path = fr.lproj/Main.strings; sourceTree = "<group>"; };
		C9A65FD2202D81B300C3AC72 /* fr */ = {isa = PBXFileReference; lastKnownFileType = text.plist.strings; name = fr; path = fr.lproj/LaunchScreen.strings; sourceTree = "<group>"; };
		C9A65FD4202D821B00C3AC72 /* Base */ = {isa = PBXFileReference; lastKnownFileType = text.plist.strings; name = Base; path = "Fit Tracker/Base.lproj/Localizable.strings"; sourceTree = "<group>"; };
		C9A65FD6202D824200C3AC72 /* fr */ = {isa = PBXFileReference; lastKnownFileType = text.plist.strings; name = fr; path = "Fit Tracker/fr.lproj/Localizable.strings"; sourceTree = "<group>"; };
		C9CDFDC62020468C00FEE905 /* FTExercise.swift */ = {isa = PBXFileReference; lastKnownFileType = sourcecode.swift; path = FTExercise.swift; sourceTree = "<group>"; };
		C9CDFDCA20204ADF00FEE905 /* FTWorkoutExercise.swift */ = {isa = PBXFileReference; lastKnownFileType = sourcecode.swift; path = FTWorkoutExercise.swift; sourceTree = "<group>"; };
		C9CDFDCC20204F9800FEE905 /* FTWorkout.swift */ = {isa = PBXFileReference; lastKnownFileType = sourcecode.swift; path = FTWorkout.swift; sourceTree = "<group>"; };
		C9CDFDD32021844C00FEE905 /* FTRealmFactoryManager.swift */ = {isa = PBXFileReference; lastKnownFileType = sourcecode.swift; path = FTRealmFactoryManager.swift; sourceTree = "<group>"; };
		C9CDFDD520218D7500FEE905 /* FTRealmManager.swift */ = {isa = PBXFileReference; lastKnownFileType = sourcecode.swift; path = FTRealmManager.swift; sourceTree = "<group>"; };
		C9D2DA0A202F695F00A1FB1C /* FTHomeViewController.swift */ = {isa = PBXFileReference; lastKnownFileType = sourcecode.swift; path = FTHomeViewController.swift; sourceTree = "<group>"; };
		C9D2DA0C2032A9DE00A1FB1C /* FTHomeDataView.swift */ = {isa = PBXFileReference; lastKnownFileType = sourcecode.swift; path = FTHomeDataView.swift; sourceTree = "<group>"; };
		C9D2DA0F2032AA4000A1FB1C /* FTTitleLabel.swift */ = {isa = PBXFileReference; lastKnownFileType = sourcecode.swift; path = FTTitleLabel.swift; sourceTree = "<group>"; };
		C9D2DA132032ABC700A1FB1C /* FTBodyLabel.swift */ = {isa = PBXFileReference; lastKnownFileType = sourcecode.swift; path = FTBodyLabel.swift; sourceTree = "<group>"; };
		C9D2DA172032B3E500A1FB1C /* Fonts.swift */ = {isa = PBXFileReference; lastKnownFileType = sourcecode.swift; path = Fonts.swift; sourceTree = "<group>"; };
		C9EC4E3920340BFB00CF538F /* FTMainWorkoutViewController.swift */ = {isa = PBXFileReference; lastKnownFileType = sourcecode.swift; path = FTMainWorkoutViewController.swift; sourceTree = "<group>"; };
		C9EC4E3B20340C5400CF538F /* FTButtonFactory.swift */ = {isa = PBXFileReference; lastKnownFileType = sourcecode.swift; path = FTButtonFactory.swift; sourceTree = "<group>"; };
		DD8CB329BFC37FDA63EBC38C /* Pods_Fit_Tracker.framework */ = {isa = PBXFileReference; explicitFileType = wrapper.framework; includeInIndex = 0; path = Pods_Fit_Tracker.framework; sourceTree = BUILT_PRODUCTS_DIR; };
		F7B50096F82319BCEFF02D81 /* Pods-Fit Tracker.release.xcconfig */ = {isa = PBXFileReference; includeInIndex = 1; lastKnownFileType = text.xcconfig; name = "Pods-Fit Tracker.release.xcconfig"; path = "Pods/Target Support Files/Pods-Fit Tracker/Pods-Fit Tracker.release.xcconfig"; sourceTree = "<group>"; };
/* End PBXFileReference section */

/* Begin PBXFrameworksBuildPhase section */
		C9775CF42020441C00C2E9B3 /* Frameworks */ = {
			isa = PBXFrameworksBuildPhase;
			buildActionMask = 2147483647;
			files = (
				53ADD1F2A311B0FC989B9ACF /* Pods_Fit_Tracker.framework in Frameworks */,
			);
			runOnlyForDeploymentPostprocessing = 0;
		};
/* End PBXFrameworksBuildPhase section */

/* Begin PBXGroup section */
		9ECE49808303D55D67487AEF /* Pods */ = {
			isa = PBXGroup;
			children = (
				950B968F1984DBBF7771FA02 /* Pods-Fit Tracker.debug.xcconfig */,
				F7B50096F82319BCEFF02D81 /* Pods-Fit Tracker.release.xcconfig */,
			);
			name = Pods;
			sourceTree = "<group>";
		};
		BEC5E992CB991E02C0FDD814 /* Frameworks */ = {
			isa = PBXGroup;
			children = (
				DD8CB329BFC37FDA63EBC38C /* Pods_Fit_Tracker.framework */,
			);
			name = Frameworks;
			sourceTree = "<group>";
		};
		C9775CEE2020441C00C2E9B3 = {
			isa = PBXGroup;
			children = (
				C9775CF92020441C00C2E9B3 /* Fit Tracker */,
				C9775CF82020441C00C2E9B3 /* Products */,
				9ECE49808303D55D67487AEF /* Pods */,
				BEC5E992CB991E02C0FDD814 /* Frameworks */,
			);
			sourceTree = "<group>";
		};
		C9775CF82020441C00C2E9B3 /* Products */ = {
			isa = PBXGroup;
			children = (
				C9775CF72020441C00C2E9B3 /* Fit Tracker.app */,
			);
			name = Products;
			sourceTree = "<group>";
		};
		C9775CF92020441C00C2E9B3 /* Fit Tracker */ = {
			isa = PBXGroup;
			children = (
				C9EC4E3820340BD400CF538F /* Workouts */,
				C9D2DA09202F694B00A1FB1C /* Home */,
				C9A65FC5202D784F00C3AC72 /* Main */,
				C9775CFE2020441C00C2E9B3 /* Main.storyboard */,
				C9CDFDC920204AD100FEE905 /* Database */,
				C9A65FC8202D78D300C3AC72 /* Constants */,
				C9CDFDD720219C2800FEE905 /* Helper */,
				C9D2DA0E2032AA2E00A1FB1C /* FTViews */,
				C9CDFDCE202050FC00FEE905 /* Supporting Files */,
			);
			path = "Fit Tracker";
			sourceTree = "<group>";
		};
		C9A65FC5202D784F00C3AC72 /* Main */ = {
			isa = PBXGroup;
			children = (
				C9775CFC2020441C00C2E9B3 /* FTMainViewController.swift */,
				C9A65FCB202D795400C3AC72 /* FTMainTabBar.swift */,
			);
			name = Main;
			sourceTree = "<group>";
		};
		C9A65FC8202D78D300C3AC72 /* Constants */ = {
			isa = PBXGroup;
			children = (
				C9A65FCD202D79A500C3AC72 /* Colours.swift */,
				C9A65FC9202D78EB00C3AC72 /* Layout.swift */,
				C9D2DA172032B3E500A1FB1C /* Fonts.swift */,
			);
			name = Constants;
			sourceTree = "<group>";
		};
		C9CDFDC920204AD100FEE905 /* Database */ = {
			isa = PBXGroup;
			children = (
				C9CDFDC62020468C00FEE905 /* FTExercise.swift */,
				C9CDFDCA20204ADF00FEE905 /* FTWorkoutExercise.swift */,
				C9CDFDCC20204F9800FEE905 /* FTWorkout.swift */,
				C9CDFDD32021844C00FEE905 /* FTRealmFactoryManager.swift */,
				C9CDFDD520218D7500FEE905 /* FTRealmManager.swift */,
			);
			name = Database;
			sourceTree = "<group>";
		};
		C9CDFDCE202050FC00FEE905 /* Supporting Files */ = {
			isa = PBXGroup;
			children = (
				C9A65FD3202D821B00C3AC72 /* Localizable.strings */,
				C9775CFA2020441C00C2E9B3 /* AppDelegate.swift */,
				C9775D012020441C00C2E9B3 /* Assets.xcassets */,
				C9775D032020441C00C2E9B3 /* LaunchScreen.storyboard */,
				C9775D062020441C00C2E9B3 /* Info.plist */,
			);
			name = "Supporting Files";
			sourceTree = "<group>";
		};
		C9CDFDD720219C2800FEE905 /* Helper */ = {
			isa = PBXGroup;
			children = (
				C9A65FCF202D7ADB00C3AC72 /* FTSettingsManager.swift */,
			);
			name = Helper;
			sourceTree = "<group>";
		};
		C9D2DA09202F694B00A1FB1C /* Home */ = {
			isa = PBXGroup;
			children = (
				C9D2DA0A202F695F00A1FB1C /* FTHomeViewController.swift */,
				C9D2DA0C2032A9DE00A1FB1C /* FTHomeDataView.swift */,
			);
			name = Home;
			sourceTree = "<group>";
		};
		C9D2DA0E2032AA2E00A1FB1C /* FTViews */ = {
			isa = PBXGroup;
			children = (
				C9D2DA0F2032AA4000A1FB1C /* FTTitleLabel.swift */,
				C9D2DA132032ABC700A1FB1C /* FTBodyLabel.swift */,
				C9EC4E3B20340C5400CF538F /* FTButtonFactory.swift */,
			);
			name = FTViews;
			sourceTree = "<group>";
		};
		C9EC4E3820340BD400CF538F /* Workouts */ = {
			isa = PBXGroup;
			children = (
				C9EC4E3920340BFB00CF538F /* FTMainWorkoutViewController.swift */,
			);
			name = Workouts;
			sourceTree = "<group>";
		};
/* End PBXGroup section */

/* Begin PBXNativeTarget section */
		C9775CF62020441C00C2E9B3 /* Fit Tracker */ = {
			isa = PBXNativeTarget;
			buildConfigurationList = C9775D092020441C00C2E9B3 /* Build configuration list for PBXNativeTarget "Fit Tracker" */;
			buildPhases = (
				A8FC2E8E317C99590292CE65 /* [CP] Check Pods Manifest.lock */,
				C9775CF32020441C00C2E9B3 /* Sources */,
				C9775CF42020441C00C2E9B3 /* Frameworks */,
				C9775CF52020441C00C2E9B3 /* Resources */,
				657695DCC861D30D8A1D6FC9 /* [CP] Embed Pods Frameworks */,
				690BDBA3AF64C3E535CEF09E /* [CP] Copy Pods Resources */,
			);
			buildRules = (
			);
			dependencies = (
			);
			name = "Fit Tracker";
			productName = "Fit Tracker";
			productReference = C9775CF72020441C00C2E9B3 /* Fit Tracker.app */;
			productType = "com.apple.product-type.application";
		};
/* End PBXNativeTarget section */

/* Begin PBXProject section */
		C9775CEF2020441C00C2E9B3 /* Project object */ = {
			isa = PBXProject;
			attributes = {
				LastSwiftUpdateCheck = 0920;
				LastUpgradeCheck = 0920;
				ORGANIZATIONNAME = "Casey McLewin";
				TargetAttributes = {
					C9775CF62020441C00C2E9B3 = {
						CreatedOnToolsVersion = 9.2;
						ProvisioningStyle = Automatic;
					};
				};
			};
			buildConfigurationList = C9775CF22020441C00C2E9B3 /* Build configuration list for PBXProject "Fit Tracker" */;
			compatibilityVersion = "Xcode 8.0";
			developmentRegion = en;
			hasScannedForEncodings = 0;
			knownRegions = (
				en,
				Base,
				fr,
			);
			mainGroup = C9775CEE2020441C00C2E9B3;
			productRefGroup = C9775CF82020441C00C2E9B3 /* Products */;
			projectDirPath = "";
			projectRoot = "";
			targets = (
				C9775CF62020441C00C2E9B3 /* Fit Tracker */,
			);
		};
/* End PBXProject section */

/* Begin PBXResourcesBuildPhase section */
		C9775CF52020441C00C2E9B3 /* Resources */ = {
			isa = PBXResourcesBuildPhase;
			buildActionMask = 2147483647;
			files = (
				C9775D052020441C00C2E9B3 /* LaunchScreen.storyboard in Resources */,
				C9A65FD5202D821B00C3AC72 /* Localizable.strings in Resources */,
				C9775D022020441C00C2E9B3 /* Assets.xcassets in Resources */,
				C9775D002020441C00C2E9B3 /* Main.storyboard in Resources */,
			);
			runOnlyForDeploymentPostprocessing = 0;
		};
/* End PBXResourcesBuildPhase section */

/* Begin PBXShellScriptBuildPhase section */
		657695DCC861D30D8A1D6FC9 /* [CP] Embed Pods Frameworks */ = {
			isa = PBXShellScriptBuildPhase;
			buildActionMask = 2147483647;
			files = (
			);
			inputPaths = (
				"${SRCROOT}/Pods/Target Support Files/Pods-Fit Tracker/Pods-Fit Tracker-frameworks.sh",
				"${BUILT_PRODUCTS_DIR}/ChameleonFramework/ChameleonFramework.framework",
				"${BUILT_PRODUCTS_DIR}/Realm/Realm.framework",
				"${BUILT_PRODUCTS_DIR}/RealmSwift/RealmSwift.framework",
				"${BUILT_PRODUCTS_DIR}/SnapKit/SnapKit.framework",
			);
			name = "[CP] Embed Pods Frameworks";
			outputPaths = (
				"${TARGET_BUILD_DIR}/${FRAMEWORKS_FOLDER_PATH}/ChameleonFramework.framework",
				"${TARGET_BUILD_DIR}/${FRAMEWORKS_FOLDER_PATH}/Realm.framework",
				"${TARGET_BUILD_DIR}/${FRAMEWORKS_FOLDER_PATH}/RealmSwift.framework",
				"${TARGET_BUILD_DIR}/${FRAMEWORKS_FOLDER_PATH}/SnapKit.framework",
			);
			runOnlyForDeploymentPostprocessing = 0;
			shellPath = /bin/sh;
			shellScript = "\"${SRCROOT}/Pods/Target Support Files/Pods-Fit Tracker/Pods-Fit Tracker-frameworks.sh\"\n";
			showEnvVarsInLog = 0;
		};
		690BDBA3AF64C3E535CEF09E /* [CP] Copy Pods Resources */ = {
			isa = PBXShellScriptBuildPhase;
			buildActionMask = 2147483647;
			files = (
			);
			inputPaths = (
			);
			name = "[CP] Copy Pods Resources";
			outputPaths = (
			);
			runOnlyForDeploymentPostprocessing = 0;
			shellPath = /bin/sh;
			shellScript = "\"${SRCROOT}/Pods/Target Support Files/Pods-Fit Tracker/Pods-Fit Tracker-resources.sh\"\n";
			showEnvVarsInLog = 0;
		};
		A8FC2E8E317C99590292CE65 /* [CP] Check Pods Manifest.lock */ = {
			isa = PBXShellScriptBuildPhase;
			buildActionMask = 2147483647;
			files = (
			);
			inputPaths = (
				"${PODS_PODFILE_DIR_PATH}/Podfile.lock",
				"${PODS_ROOT}/Manifest.lock",
			);
			name = "[CP] Check Pods Manifest.lock";
			outputPaths = (
				"$(DERIVED_FILE_DIR)/Pods-Fit Tracker-checkManifestLockResult.txt",
			);
			runOnlyForDeploymentPostprocessing = 0;
			shellPath = /bin/sh;
			shellScript = "diff \"${PODS_PODFILE_DIR_PATH}/Podfile.lock\" \"${PODS_ROOT}/Manifest.lock\" > /dev/null\nif [ $? != 0 ] ; then\n    # print error to STDERR\n    echo \"error: The sandbox is not in sync with the Podfile.lock. Run 'pod install' or update your CocoaPods installation.\" >&2\n    exit 1\nfi\n# This output is used by Xcode 'outputs' to avoid re-running this script phase.\necho \"SUCCESS\" > \"${SCRIPT_OUTPUT_FILE_0}\"\n";
			showEnvVarsInLog = 0;
		};
/* End PBXShellScriptBuildPhase section */

/* Begin PBXSourcesBuildPhase section */
		C9775CF32020441C00C2E9B3 /* Sources */ = {
			isa = PBXSourcesBuildPhase;
			buildActionMask = 2147483647;
			files = (
				C9D2DA182032B3E500A1FB1C /* Fonts.swift in Sources */,
				C9CDFDD42021844C00FEE905 /* FTRealmFactoryManager.swift in Sources */,
				C9775CFD2020441C00C2E9B3 /* FTMainViewController.swift in Sources */,
				C9A65FCE202D79A500C3AC72 /* Colours.swift in Sources */,
				C9775CFB2020441C00C2E9B3 /* AppDelegate.swift in Sources */,
				C9CDFDC72020468C00FEE905 /* FTExercise.swift in Sources */,
				C9D2DA102032AA4000A1FB1C /* FTTitleLabel.swift in Sources */,
				C9A65FCC202D795400C3AC72 /* FTMainTabBar.swift in Sources */,
				C9A65FD0202D7ADB00C3AC72 /* FTSettingsManager.swift in Sources */,
				C9D2DA0B202F695F00A1FB1C /* FTHomeViewController.swift in Sources */,
				C9EC4E3A20340BFB00CF538F /* FTMainWorkoutViewController.swift in Sources */,
				C9CDFDCD20204F9800FEE905 /* FTWorkout.swift in Sources */,
				C9A65FCA202D78EB00C3AC72 /* Layout.swift in Sources */,
				C9EC4E3C20340C5400CF538F /* FTButtonFactory.swift in Sources */,
				C9CDFDCB20204ADF00FEE905 /* FTWorkoutExercise.swift in Sources */,
				C9D2DA0D2032A9DE00A1FB1C /* FTHomeDataView.swift in Sources */,
				C9D2DA142032ABC700A1FB1C /* FTBodyLabel.swift in Sources */,
				C9CDFDD620218D7500FEE905 /* FTRealmManager.swift in Sources */,
			);
			runOnlyForDeploymentPostprocessing = 0;
		};
/* End PBXSourcesBuildPhase section */

/* Begin PBXVariantGroup section */
		C9775CFE2020441C00C2E9B3 /* Main.storyboard */ = {
			isa = PBXVariantGroup;
			children = (
				C9775CFF2020441C00C2E9B3 /* Base */,
				C9A65FD1202D81B300C3AC72 /* fr */,
			);
			name = Main.storyboard;
			sourceTree = "<group>";
		};
		C9775D032020441C00C2E9B3 /* LaunchScreen.storyboard */ = {
			isa = PBXVariantGroup;
			children = (
				C9775D042020441C00C2E9B3 /* Base */,
				C9A65FD2202D81B300C3AC72 /* fr */,
			);
			name = LaunchScreen.storyboard;
			sourceTree = "<group>";
		};
		C9A65FD3202D821B00C3AC72 /* Localizable.strings */ = {
			isa = PBXVariantGroup;
			children = (
				C9A65FD4202D821B00C3AC72 /* Base */,
				C9A65FD6202D824200C3AC72 /* fr */,
			);
			name = Localizable.strings;
			sourceTree = "<group>";
		};
/* End PBXVariantGroup section */

/* Begin XCBuildConfiguration section */
		C9775D072020441C00C2E9B3 /* Debug */ = {
			isa = XCBuildConfiguration;
			buildSettings = {
				ALWAYS_SEARCH_USER_PATHS = NO;
				CLANG_ANALYZER_LOCALIZABILITY_NONLOCALIZED = YES;
				CLANG_ANALYZER_NONNULL = YES;
				CLANG_ANALYZER_NUMBER_OBJECT_CONVERSION = YES_AGGRESSIVE;
				CLANG_CXX_LANGUAGE_STANDARD = "gnu++14";
				CLANG_CXX_LIBRARY = "libc++";
				CLANG_ENABLE_MODULES = YES;
				CLANG_ENABLE_OBJC_ARC = YES;
				CLANG_WARN_BLOCK_CAPTURE_AUTORELEASING = YES;
				CLANG_WARN_BOOL_CONVERSION = YES;
				CLANG_WARN_COMMA = YES;
				CLANG_WARN_CONSTANT_CONVERSION = YES;
				CLANG_WARN_DIRECT_OBJC_ISA_USAGE = YES_ERROR;
				CLANG_WARN_DOCUMENTATION_COMMENTS = YES;
				CLANG_WARN_EMPTY_BODY = YES;
				CLANG_WARN_ENUM_CONVERSION = YES;
				CLANG_WARN_INFINITE_RECURSION = YES;
				CLANG_WARN_INT_CONVERSION = YES;
				CLANG_WARN_NON_LITERAL_NULL_CONVERSION = YES;
				CLANG_WARN_OBJC_LITERAL_CONVERSION = YES;
				CLANG_WARN_OBJC_ROOT_CLASS = YES_ERROR;
				CLANG_WARN_RANGE_LOOP_ANALYSIS = YES;
				CLANG_WARN_STRICT_PROTOTYPES = YES;
				CLANG_WARN_SUSPICIOUS_MOVE = YES;
				CLANG_WARN_UNGUARDED_AVAILABILITY = YES_AGGRESSIVE;
				CLANG_WARN_UNREACHABLE_CODE = YES;
				CLANG_WARN__DUPLICATE_METHOD_MATCH = YES;
				CODE_SIGN_IDENTITY = "iPhone Developer";
				COPY_PHASE_STRIP = NO;
				DEBUG_INFORMATION_FORMAT = dwarf;
				ENABLE_STRICT_OBJC_MSGSEND = YES;
				ENABLE_TESTABILITY = YES;
				GCC_C_LANGUAGE_STANDARD = gnu11;
				GCC_DYNAMIC_NO_PIC = NO;
				GCC_NO_COMMON_BLOCKS = YES;
				GCC_OPTIMIZATION_LEVEL = 0;
				GCC_PREPROCESSOR_DEFINITIONS = (
					"DEBUG=1",
					"$(inherited)",
				);
				GCC_WARN_64_TO_32_BIT_CONVERSION = YES;
				GCC_WARN_ABOUT_RETURN_TYPE = YES_ERROR;
				GCC_WARN_UNDECLARED_SELECTOR = YES;
				GCC_WARN_UNINITIALIZED_AUTOS = YES_AGGRESSIVE;
				GCC_WARN_UNUSED_FUNCTION = YES;
				GCC_WARN_UNUSED_VARIABLE = YES;
				IPHONEOS_DEPLOYMENT_TARGET = 11.2;
				MTL_ENABLE_DEBUG_INFO = YES;
				ONLY_ACTIVE_ARCH = YES;
				SDKROOT = iphoneos;
				SWIFT_ACTIVE_COMPILATION_CONDITIONS = DEBUG;
				SWIFT_OPTIMIZATION_LEVEL = "-Onone";
			};
			name = Debug;
		};
		C9775D082020441C00C2E9B3 /* Release */ = {
			isa = XCBuildConfiguration;
			buildSettings = {
				ALWAYS_SEARCH_USER_PATHS = NO;
				CLANG_ANALYZER_LOCALIZABILITY_NONLOCALIZED = YES;
				CLANG_ANALYZER_NONNULL = YES;
				CLANG_ANALYZER_NUMBER_OBJECT_CONVERSION = YES_AGGRESSIVE;
				CLANG_CXX_LANGUAGE_STANDARD = "gnu++14";
				CLANG_CXX_LIBRARY = "libc++";
				CLANG_ENABLE_MODULES = YES;
				CLANG_ENABLE_OBJC_ARC = YES;
				CLANG_WARN_BLOCK_CAPTURE_AUTORELEASING = YES;
				CLANG_WARN_BOOL_CONVERSION = YES;
				CLANG_WARN_COMMA = YES;
				CLANG_WARN_CONSTANT_CONVERSION = YES;
				CLANG_WARN_DIRECT_OBJC_ISA_USAGE = YES_ERROR;
				CLANG_WARN_DOCUMENTATION_COMMENTS = YES;
				CLANG_WARN_EMPTY_BODY = YES;
				CLANG_WARN_ENUM_CONVERSION = YES;
				CLANG_WARN_INFINITE_RECURSION = YES;
				CLANG_WARN_INT_CONVERSION = YES;
				CLANG_WARN_NON_LITERAL_NULL_CONVERSION = YES;
				CLANG_WARN_OBJC_LITERAL_CONVERSION = YES;
				CLANG_WARN_OBJC_ROOT_CLASS = YES_ERROR;
				CLANG_WARN_RANGE_LOOP_ANALYSIS = YES;
				CLANG_WARN_STRICT_PROTOTYPES = YES;
				CLANG_WARN_SUSPICIOUS_MOVE = YES;
				CLANG_WARN_UNGUARDED_AVAILABILITY = YES_AGGRESSIVE;
				CLANG_WARN_UNREACHABLE_CODE = YES;
				CLANG_WARN__DUPLICATE_METHOD_MATCH = YES;
				CODE_SIGN_IDENTITY = "iPhone Developer";
				COPY_PHASE_STRIP = NO;
				DEBUG_INFORMATION_FORMAT = "dwarf-with-dsym";
				ENABLE_NS_ASSERTIONS = NO;
				ENABLE_STRICT_OBJC_MSGSEND = YES;
				GCC_C_LANGUAGE_STANDARD = gnu11;
				GCC_NO_COMMON_BLOCKS = YES;
				GCC_WARN_64_TO_32_BIT_CONVERSION = YES;
				GCC_WARN_ABOUT_RETURN_TYPE = YES_ERROR;
				GCC_WARN_UNDECLARED_SELECTOR = YES;
				GCC_WARN_UNINITIALIZED_AUTOS = YES_AGGRESSIVE;
				GCC_WARN_UNUSED_FUNCTION = YES;
				GCC_WARN_UNUSED_VARIABLE = YES;
				IPHONEOS_DEPLOYMENT_TARGET = 11.2;
				MTL_ENABLE_DEBUG_INFO = NO;
				SDKROOT = iphoneos;
				SWIFT_OPTIMIZATION_LEVEL = "-Owholemodule";
				VALIDATE_PRODUCT = YES;
			};
			name = Release;
		};
		C9775D0A2020441C00C2E9B3 /* Debug */ = {
			isa = XCBuildConfiguration;
			baseConfigurationReference = 950B968F1984DBBF7771FA02 /* Pods-Fit Tracker.debug.xcconfig */;
			buildSettings = {
				ASSETCATALOG_COMPILER_APPICON_NAME = AppIcon;
				CODE_SIGN_STYLE = Automatic;
				DEVELOPMENT_TEAM = Y3RP73GH99;
				INFOPLIST_FILE = "Fit Tracker/Info.plist";
				IPHONEOS_DEPLOYMENT_TARGET = 10.0;
				LD_RUNPATH_SEARCH_PATHS = "$(inherited) @executable_path/Frameworks";
				PRODUCT_BUNDLE_IDENTIFIER = "com.uti0mnia.Fit-Tracker";
				PRODUCT_NAME = "$(TARGET_NAME)";
				SWIFT_VERSION = 4.0;
				TARGETED_DEVICE_FAMILY = 1;
			};
			name = Debug;
		};
		C9775D0B2020441C00C2E9B3 /* Release */ = {
			isa = XCBuildConfiguration;
			baseConfigurationReference = F7B50096F82319BCEFF02D81 /* Pods-Fit Tracker.release.xcconfig */;
			buildSettings = {
				ASSETCATALOG_COMPILER_APPICON_NAME = AppIcon;
				CODE_SIGN_STYLE = Automatic;
				DEVELOPMENT_TEAM = Y3RP73GH99;
				INFOPLIST_FILE = "Fit Tracker/Info.plist";
				IPHONEOS_DEPLOYMENT_TARGET = 10.0;
				LD_RUNPATH_SEARCH_PATHS = "$(inherited) @executable_path/Frameworks";
				PRODUCT_BUNDLE_IDENTIFIER = "com.uti0mnia.Fit-Tracker";
				PRODUCT_NAME = "$(TARGET_NAME)";
				SWIFT_VERSION = 4.0;
				TARGETED_DEVICE_FAMILY = 1;
			};
			name = Release;
		};
/* End XCBuildConfiguration section */

/* Begin XCConfigurationList section */
		C9775CF22020441C00C2E9B3 /* Build configuration list for PBXProject "Fit Tracker" */ = {
			isa = XCConfigurationList;
			buildConfigurations = (
				C9775D072020441C00C2E9B3 /* Debug */,
				C9775D082020441C00C2E9B3 /* Release */,
			);
			defaultConfigurationIsVisible = 0;
			defaultConfigurationName = Release;
		};
		C9775D092020441C00C2E9B3 /* Build configuration list for PBXNativeTarget "Fit Tracker" */ = {
			isa = XCConfigurationList;
			buildConfigurations = (
				C9775D0A2020441C00C2E9B3 /* Debug */,
				C9775D0B2020441C00C2E9B3 /* Release */,
			);
			defaultConfigurationIsVisible = 0;
			defaultConfigurationName = Release;
		};
/* End XCConfigurationList section */
	};
	rootObject = C9775CEF2020441C00C2E9B3 /* Project object */;
}
