PODS:
  - ChameleonFramework/Default (2.1.0)
  - ChameleonFramework/Swift (2.1.0):
    - ChameleonFramework/Default
  - Charts (3.1.1):
    - Charts/Core (= 3.1.1)
  - Charts/Core (3.1.1)
  - SnapKit (4.0.0)
  - SwiftRichString (2.0.1)

DEPENDENCIES:
  - ChameleonFramework/Swift (from `https://github.com/ViccAlexander/Chameleon.git`)
  - Charts
  - SnapKit (~> 4.0.0)
  - SwiftRichString

SPEC REPOS:
  https://github.com/CocoaPods/Specs.git:
    - Charts
    - SnapKit
    - SwiftRichString

EXTERNAL SOURCES:
  ChameleonFramework:
    :git: https://github.com/ViccAlexander/Chameleon.git

CHECKOUT OPTIONS:
  ChameleonFramework:
    :commit: 6dd284bde21ea2e7f9fd89bc36f40df16e16369d
    :git: https://github.com/ViccAlexander/Chameleon.git

SPEC CHECKSUMS:
  ChameleonFramework: d21a3cc247abfe5e37609a283a8238b03575cf64
  Charts: 90a4d61da0f6e06684c591e3bcab11940fe61736
  SnapKit: a42d492c16e80209130a3379f73596c3454b7694
  SwiftRichString: 3b29b5f2eb0eb244497532f2fd2ec26318eae584

PODFILE CHECKSUM: e5f67486bd361ae3d6d58baa41ecf5ad1a6ddb21

COCOAPODS: 1.5.0
